// !$*UTF8*$!
{
	archiveVersion = 1;
	classes = {
	};
	objectVersion = 46;
	objects = {

/* Begin PBXBuildFile section */
		8982D7381AD90ADE0050408E /* fileSB.storyboard in Resources */ = {isa = PBXBuildFile; fileRef = 8982D7371AD90ADE0050408E /* fileSB.storyboard */; };
		8982D73A1AD90AFB0050408E /* FileMgrViewController.swift in Sources */ = {isa = PBXBuildFile; fileRef = 8982D7391AD90AFB0050408E /* FileMgrViewController.swift */; };
		8982D73C1AD9D63D0050408E /* CoreBluetooth.framework in Frameworks */ = {isa = PBXBuildFile; fileRef = 8982D73B1AD9D63D0050408E /* CoreBluetooth.framework */; };
		8982D73F1AD9D6700050408E /* BluetoothSB.storyboard in Resources */ = {isa = PBXBuildFile; fileRef = 8982D73E1AD9D6700050408E /* BluetoothSB.storyboard */; };
		8982D7411AD9D6890050408E /* BlueToothAViewController.swift in Sources */ = {isa = PBXBuildFile; fileRef = 8982D7401AD9D6890050408E /* BlueToothAViewController.swift */; };
		8982D7431AD9D7180050408E /* CommonCode.swift in Sources */ = {isa = PBXBuildFile; fileRef = 8982D7421AD9D7180050408E /* CommonCode.swift */; };
		899A09481AD4EE0F00C7458A /* AppDelegate.swift in Sources */ = {isa = PBXBuildFile; fileRef = 899A09471AD4EE0F00C7458A /* AppDelegate.swift */; };
		899A094A1AD4EE0F00C7458A /* PageViewController.swift in Sources */ = {isa = PBXBuildFile; fileRef = 899A09491AD4EE0F00C7458A /* PageViewController.swift */; };
		899A094D1AD4EE0F00C7458A /* Main.storyboard in Resources */ = {isa = PBXBuildFile; fileRef = 899A094B1AD4EE0F00C7458A /* Main.storyboard */; };
		899A094F1AD4EE0F00C7458A /* Images.xcassets in Resources */ = {isa = PBXBuildFile; fileRef = 899A094E1AD4EE0F00C7458A /* Images.xcassets */; };
		899A09521AD4EE0F00C7458A /* LaunchScreen.xib in Resources */ = {isa = PBXBuildFile; fileRef = 899A09501AD4EE0F00C7458A /* LaunchScreen.xib */; };
		899A095E1AD4EE0F00C7458A /* pageAppTests.swift in Sources */ = {isa = PBXBuildFile; fileRef = 899A095D1AD4EE0F00C7458A /* pageAppTests.swift */; };
		899A09681AD4EE7800C7458A /* ContentViewController.swift in Sources */ = {isa = PBXBuildFile; fileRef = 899A09671AD4EE7800C7458A /* ContentViewController.swift */; };
		89B7C2261ADE2C840024F8F8 /* CoreLocation.framework in Frameworks */ = {isa = PBXBuildFile; fileRef = 89B7C2251ADE2C840024F8F8 /* CoreLocation.framework */; };
		89B7C2281ADE2C8A0024F8F8 /* MapKit.framework in Frameworks */ = {isa = PBXBuildFile; fileRef = 89B7C2271ADE2C8A0024F8F8 /* MapKit.framework */; };
/* End PBXBuildFile section */

/* Begin PBXContainerItemProxy section */
		899A09581AD4EE0F00C7458A /* PBXContainerItemProxy */ = {
			isa = PBXContainerItemProxy;
			containerPortal = 899A093A1AD4EE0F00C7458A /* Project object */;
			proxyType = 1;
			remoteGlobalIDString = 899A09411AD4EE0F00C7458A;
			remoteInfo = pageApp;
		};
/* End PBXContainerItemProxy section */

/* Begin PBXFileReference section */
		8982D7371AD90ADE0050408E /* fileSB.storyboard */ = {isa = PBXFileReference; fileEncoding = 4; lastKnownFileType = file.storyboard; path = fileSB.storyboard; sourceTree = "<group>"; };
		8982D7391AD90AFB0050408E /* FileMgrViewController.swift */ = {isa = PBXFileReference; fileEncoding = 4; lastKnownFileType = sourcecode.swift; path = FileMgrViewController.swift; sourceTree = "<group>"; };
		8982D73B1AD9D63D0050408E /* CoreBluetooth.framework */ = {isa = PBXFileReference; lastKnownFileType = wrapper.framework; name = CoreBluetooth.framework; path = System/Library/Frameworks/CoreBluetooth.framework; sourceTree = SDKROOT; };
		8982D73E1AD9D6700050408E /* BluetoothSB.storyboard */ = {isa = PBXFileReference; fileEncoding = 4; lastKnownFileType = file.storyboard; path = BluetoothSB.storyboard; sourceTree = "<group>"; };
		8982D7401AD9D6890050408E /* BlueToothAViewController.swift */ = {isa = PBXFileReference; fileEncoding = 4; lastKnownFileType = sourcecode.swift; path = BlueToothAViewController.swift; sourceTree = "<group>"; };
		8982D7421AD9D7180050408E /* CommonCode.swift */ = {isa = PBXFileReference; fileEncoding = 4; lastKnownFileType = sourcecode.swift; path = CommonCode.swift; sourceTree = "<group>"; };
		899A09421AD4EE0F00C7458A /* pageApp.app */ = {isa = PBXFileReference; explicitFileType = wrapper.application; includeInIndex = 0; path = pageApp.app; sourceTree = BUILT_PRODUCTS_DIR; };
		899A09461AD4EE0F00C7458A /* Info.plist */ = {isa = PBXFileReference; lastKnownFileType = text.plist.xml; path = Info.plist; sourceTree = "<group>"; };
		899A09471AD4EE0F00C7458A /* AppDelegate.swift */ = {isa = PBXFileReference; lastKnownFileType = sourcecode.swift; name = AppDelegate.swift; path = pageApp/AppDelegate.swift; sourceTree = "<group>"; };
		899A09491AD4EE0F00C7458A /* PageViewController.swift */ = {isa = PBXFileReference; lastKnownFileType = sourcecode.swift; path = PageViewController.swift; sourceTree = "<group>"; };
		899A094C1AD4EE0F00C7458A /* Base */ = {isa = PBXFileReference; lastKnownFileType = file.storyboard; name = Base; path = Base.lproj/Main.storyboard; sourceTree = "<group>"; };
		899A094E1AD4EE0F00C7458A /* Images.xcassets */ = {isa = PBXFileReference; lastKnownFileType = folder.assetcatalog; path = Images.xcassets; sourceTree = "<group>"; };
		899A09511AD4EE0F00C7458A /* Base */ = {isa = PBXFileReference; lastKnownFileType = file.xib; name = Base; path = Base.lproj/LaunchScreen.xib; sourceTree = "<group>"; };
		899A09571AD4EE0F00C7458A /* pageAppTests.xctest */ = {isa = PBXFileReference; explicitFileType = wrapper.cfbundle; includeInIndex = 0; path = pageAppTests.xctest; sourceTree = BUILT_PRODUCTS_DIR; };
		899A095C1AD4EE0F00C7458A /* Info.plist */ = {isa = PBXFileReference; lastKnownFileType = text.plist.xml; path = Info.plist; sourceTree = "<group>"; };
		899A095D1AD4EE0F00C7458A /* pageAppTests.swift */ = {isa = PBXFileReference; lastKnownFileType = sourcecode.swift; path = pageAppTests.swift; sourceTree = "<group>"; };
		899A09671AD4EE7800C7458A /* ContentViewController.swift */ = {isa = PBXFileReference; fileEncoding = 4; lastKnownFileType = sourcecode.swift; path = ContentViewController.swift; sourceTree = "<group>"; };
		89B7C2251ADE2C840024F8F8 /* CoreLocation.framework */ = {isa = PBXFileReference; lastKnownFileType = wrapper.framework; name = CoreLocation.framework; path = System/Library/Frameworks/CoreLocation.framework; sourceTree = SDKROOT; };
		89B7C2271ADE2C8A0024F8F8 /* MapKit.framework */ = {isa = PBXFileReference; lastKnownFileType = wrapper.framework; name = MapKit.framework; path = System/Library/Frameworks/MapKit.framework; sourceTree = SDKROOT; };
/* End PBXFileReference section */

/* Begin PBXFrameworksBuildPhase section */
		899A093F1AD4EE0F00C7458A /* Frameworks */ = {
			isa = PBXFrameworksBuildPhase;
			buildActionMask = 2147483647;
			files = (
				89B7C2281ADE2C8A0024F8F8 /* MapKit.framework in Frameworks */,
				89B7C2261ADE2C840024F8F8 /* CoreLocation.framework in Frameworks */,
				8982D73C1AD9D63D0050408E /* CoreBluetooth.framework in Frameworks */,
			);
			runOnlyForDeploymentPostprocessing = 0;
		};
		899A09541AD4EE0F00C7458A /* Frameworks */ = {
			isa = PBXFrameworksBuildPhase;
			buildActionMask = 2147483647;
			files = (
			);
			runOnlyForDeploymentPostprocessing = 0;
		};
/* End PBXFrameworksBuildPhase section */

/* Begin PBXGroup section */
		8982D7361AD90AAE0050408E /* fileApp */ = {
			isa = PBXGroup;
			children = (
				8982D7371AD90ADE0050408E /* fileSB.storyboard */,
				8982D7391AD90AFB0050408E /* FileMgrViewController.swift */,
			);
			name = fileApp;
			sourceTree = "<group>";
		};
		8982D73D1AD9D64B0050408E /* CoreBluetoothAppTest */ = {
			isa = PBXGroup;
			children = (
				8982D73E1AD9D6700050408E /* BluetoothSB.storyboard */,
				8982D7401AD9D6890050408E /* BlueToothAViewController.swift */,
			);
			name = CoreBluetoothAppTest;
			sourceTree = "<group>";
		};
		899A09391AD4EE0F00C7458A = {
			isa = PBXGroup;
			children = (
				89B7C2271ADE2C8A0024F8F8 /* MapKit.framework */,
				89B7C2251ADE2C840024F8F8 /* CoreLocation.framework */,
				8982D7421AD9D7180050408E /* CommonCode.swift */,
				8982D73D1AD9D64B0050408E /* CoreBluetoothAppTest */,
				8982D7361AD90AAE0050408E /* fileApp */,
				899A09441AD4EE0F00C7458A /* pageApp */,
				899A095A1AD4EE0F00C7458A /* pageAppTests */,
				899A09431AD4EE0F00C7458A /* Products */,
				899A09471AD4EE0F00C7458A /* AppDelegate.swift */,
				8982D73B1AD9D63D0050408E /* CoreBluetooth.framework */,
			);
			sourceTree = "<group>";
		};
		899A09431AD4EE0F00C7458A /* Products */ = {
			isa = PBXGroup;
			children = (
				899A09421AD4EE0F00C7458A /* pageApp.app */,
				899A09571AD4EE0F00C7458A /* pageAppTests.xctest */,
			);
			name = Products;
			sourceTree = "<group>";
		};
		899A09441AD4EE0F00C7458A /* pageApp */ = {
			isa = PBXGroup;
			children = (
				899A09671AD4EE7800C7458A /* ContentViewController.swift */,
				899A09491AD4EE0F00C7458A /* PageViewController.swift */,
				899A094B1AD4EE0F00C7458A /* Main.storyboard */,
				899A094E1AD4EE0F00C7458A /* Images.xcassets */,
				899A09501AD4EE0F00C7458A /* LaunchScreen.xib */,
				899A09451AD4EE0F00C7458A /* Supporting Files */,
			);
			path = pageApp;
			sourceTree = "<group>";
		};
		899A09451AD4EE0F00C7458A /* Supporting Files */ = {
			isa = PBXGroup;
			children = (
				899A09461AD4EE0F00C7458A /* Info.plist */,
			);
			name = "Supporting Files";
			sourceTree = "<group>";
		};
		899A095A1AD4EE0F00C7458A /* pageAppTests */ = {
			isa = PBXGroup;
			children = (
				899A095D1AD4EE0F00C7458A /* pageAppTests.swift */,
				899A095B1AD4EE0F00C7458A /* Supporting Files */,
			);
			path = pageAppTests;
			sourceTree = "<group>";
		};
		899A095B1AD4EE0F00C7458A /* Supporting Files */ = {
			isa = PBXGroup;
			children = (
				899A095C1AD4EE0F00C7458A /* Info.plist */,
			);
			name = "Supporting Files";
			sourceTree = "<group>";
		};
/* End PBXGroup section */

/* Begin PBXNativeTarget section */
		899A09411AD4EE0F00C7458A /* pageApp */ = {
			isa = PBXNativeTarget;
			buildConfigurationList = 899A09611AD4EE0F00C7458A /* Build configuration list for PBXNativeTarget "pageApp" */;
			buildPhases = (
				899A093E1AD4EE0F00C7458A /* Sources */,
				899A093F1AD4EE0F00C7458A /* Frameworks */,
				899A09401AD4EE0F00C7458A /* Resources */,
			);
			buildRules = (
			);
			dependencies = (
			);
			name = pageApp;
			productName = pageApp;
			productReference = 899A09421AD4EE0F00C7458A /* pageApp.app */;
			productType = "com.apple.product-type.application";
		};
		899A09561AD4EE0F00C7458A /* pageAppTests */ = {
			isa = PBXNativeTarget;
			buildConfigurationList = 899A09641AD4EE0F00C7458A /* Build configuration list for PBXNativeTarget "pageAppTests" */;
			buildPhases = (
				899A09531AD4EE0F00C7458A /* Sources */,
				899A09541AD4EE0F00C7458A /* Frameworks */,
				899A09551AD4EE0F00C7458A /* Resources */,
			);
			buildRules = (
			);
			dependencies = (
				899A09591AD4EE0F00C7458A /* PBXTargetDependency */,
			);
			name = pageAppTests;
			productName = pageAppTests;
			productReference = 899A09571AD4EE0F00C7458A /* pageAppTests.xctest */;
			productType = "com.apple.product-type.bundle.unit-test";
		};
/* End PBXNativeTarget section */

/* Begin PBXProject section */
		899A093A1AD4EE0F00C7458A /* Project object */ = {
			isa = PBXProject;
			attributes = {
				LastUpgradeCheck = 0620;
				ORGANIZATIONNAME = "Anoop tomar";
				TargetAttributes = {
					899A09411AD4EE0F00C7458A = {
						CreatedOnToolsVersion = 6.2;
						DevelopmentTeam = 63Y3987Z9A;
					};
					899A09561AD4EE0F00C7458A = {
						CreatedOnToolsVersion = 6.2;
						TestTargetID = 899A09411AD4EE0F00C7458A;
					};
				};
			};
			buildConfigurationList = 899A093D1AD4EE0F00C7458A /* Build configuration list for PBXProject "pageApp" */;
			compatibilityVersion = "Xcode 3.2";
			developmentRegion = English;
			hasScannedForEncodings = 0;
			knownRegions = (
				en,
				Base,
			);
			mainGroup = 899A09391AD4EE0F00C7458A;
			productRefGroup = 899A09431AD4EE0F00C7458A /* Products */;
			projectDirPath = "";
			projectRoot = "";
			targets = (
				899A09411AD4EE0F00C7458A /* pageApp */,
				899A09561AD4EE0F00C7458A /* pageAppTests */,
			);
		};
/* End PBXProject section */

/* Begin PBXResourcesBuildPhase section */
		899A09401AD4EE0F00C7458A /* Resources */ = {
			isa = PBXResourcesBuildPhase;
			buildActionMask = 2147483647;
			files = (
				899A094D1AD4EE0F00C7458A /* Main.storyboard in Resources */,
				8982D73F1AD9D6700050408E /* BluetoothSB.storyboard in Resources */,
				8982D7381AD90ADE0050408E /* fileSB.storyboard in Resources */,
				899A09521AD4EE0F00C7458A /* LaunchScreen.xib in Resources */,
				899A094F1AD4EE0F00C7458A /* Images.xcassets in Resources */,
			);
			runOnlyForDeploymentPostprocessing = 0;
		};
		899A09551AD4EE0F00C7458A /* Resources */ = {
			isa = PBXResourcesBuildPhase;
			buildActionMask = 2147483647;
			files = (
			);
			runOnlyForDeploymentPostprocessing = 0;
		};
/* End PBXResourcesBuildPhase section */

/* Begin PBXSourcesBuildPhase section */
		899A093E1AD4EE0F00C7458A /* Sources */ = {
			isa = PBXSourcesBuildPhase;
			buildActionMask = 2147483647;
			files = (
				899A094A1AD4EE0F00C7458A /* PageViewController.swift in Sources */,
				899A09681AD4EE7800C7458A /* ContentViewController.swift in Sources */,
				899A09481AD4EE0F00C7458A /* AppDelegate.swift in Sources */,
				8982D7411AD9D6890050408E /* BlueToothAViewController.swift in Sources */,
				8982D73A1AD90AFB0050408E /* FileMgrViewController.swift in Sources */,
				8982D7431AD9D7180050408E /* CommonCode.swift in Sources */,
			);
			runOnlyForDeploymentPostprocessing = 0;
		};
		899A09531AD4EE0F00C7458A /* Sources */ = {
			isa = PBXSourcesBuildPhase;
			buildActionMask = 2147483647;
			files = (
				899A095E1AD4EE0F00C7458A /* pageAppTests.swift in Sources */,
			);
			runOnlyForDeploymentPostprocessing = 0;
		};
/* End PBXSourcesBuildPhase section */

/* Begin PBXTargetDependency section */
		899A09591AD4EE0F00C7458A /* PBXTargetDependency */ = {
			isa = PBXTargetDependency;
			target = 899A09411AD4EE0F00C7458A /* pageApp */;
			targetProxy = 899A09581AD4EE0F00C7458A /* PBXContainerItemProxy */;
		};
/* End PBXTargetDependency section */

/* Begin PBXVariantGroup section */
		899A094B1AD4EE0F00C7458A /* Main.storyboard */ = {
			isa = PBXVariantGroup;
			children = (
				899A094C1AD4EE0F00C7458A /* Base */,
			);
			name = Main.storyboard;
			sourceTree = "<group>";
		};
		899A09501AD4EE0F00C7458A /* LaunchScreen.xib */ = {
			isa = PBXVariantGroup;
			children = (
				899A09511AD4EE0F00C7458A /* Base */,
			);
			name = LaunchScreen.xib;
			sourceTree = "<group>";
		};
/* End PBXVariantGroup section */

/* Begin XCBuildConfiguration section */
		899A095F1AD4EE0F00C7458A /* Debug */ = {
			isa = XCBuildConfiguration;
			buildSettings = {
				ALWAYS_SEARCH_USER_PATHS = NO;
				CLANG_CXX_LANGUAGE_STANDARD = "gnu++0x";
				CLANG_CXX_LIBRARY = "libc++";
				CLANG_ENABLE_MODULES = YES;
				CLANG_ENABLE_OBJC_ARC = YES;
				CLANG_WARN_BOOL_CONVERSION = YES;
				CLANG_WARN_CONSTANT_CONVERSION = YES;
				CLANG_WARN_DIRECT_OBJC_ISA_USAGE = YES_ERROR;
				CLANG_WARN_EMPTY_BODY = YES;
				CLANG_WARN_ENUM_CONVERSION = YES;
				CLANG_WARN_INT_CONVERSION = YES;
				CLANG_WARN_OBJC_ROOT_CLASS = YES_ERROR;
				CLANG_WARN_UNREACHABLE_CODE = YES;
				CLANG_WARN__DUPLICATE_METHOD_MATCH = YES;
				"CODE_SIGN_IDENTITY[sdk=iphoneos*]" = "iPhone Developer";
				COPY_PHASE_STRIP = NO;
				ENABLE_STRICT_OBJC_MSGSEND = YES;
				GCC_C_LANGUAGE_STANDARD = gnu99;
				GCC_DYNAMIC_NO_PIC = NO;
				GCC_OPTIMIZATION_LEVEL = 0;
				GCC_PREPROCESSOR_DEFINITIONS = (
					"DEBUG=1",
					"$(inherited)",
				);
				GCC_SYMBOLS_PRIVATE_EXTERN = NO;
				GCC_WARN_64_TO_32_BIT_CONVERSION = YES;
				GCC_WARN_ABOUT_RETURN_TYPE = YES_ERROR;
				GCC_WARN_UNDECLARED_SELECTOR = YES;
				GCC_WARN_UNINITIALIZED_AUTOS = YES_AGGRESSIVE;
				GCC_WARN_UNUSED_FUNCTION = YES;
				GCC_WARN_UNUSED_VARIABLE = YES;
				IPHONEOS_DEPLOYMENT_TARGET = 8.2;
				MTL_ENABLE_DEBUG_INFO = YES;
				ONLY_ACTIVE_ARCH = YES;
				SDKROOT = iphoneos;
				SWIFT_OPTIMIZATION_LEVEL = "-Onone";
			};
			name = Debug;
		};
		899A09601AD4EE0F00C7458A /* Release */ = {
			isa = XCBuildConfiguration;
			buildSettings = {
				ALWAYS_SEARCH_USER_PATHS = NO;
				CLANG_CXX_LANGUAGE_STANDARD = "gnu++0x";
				CLANG_CXX_LIBRARY = "libc++";
				CLANG_ENABLE_MODULES = YES;
				CLANG_ENABLE_OBJC_ARC = YES;
				CLANG_WARN_BOOL_CONVERSION = YES;
				CLANG_WARN_CONSTANT_CONVERSION = YES;
				CLANG_WARN_DIRECT_OBJC_ISA_USAGE = YES_ERROR;
				CLANG_WARN_EMPTY_BODY = YES;
				CLANG_WARN_ENUM_CONVERSION = YES;
				CLANG_WARN_INT_CONVERSION = YES;
				CLANG_WARN_OBJC_ROOT_CLASS = YES_ERROR;
				CLANG_WARN_UNREACHABLE_CODE = YES;
				CLANG_WARN__DUPLICATE_METHOD_MATCH = YES;
				"CODE_SIGN_IDENTITY[sdk=iphoneos*]" = "iPhone Developer";
				COPY_PHASE_STRIP = NO;
				ENABLE_NS_ASSERTIONS = NO;
				ENABLE_STRICT_OBJC_MSGSEND = YES;
				GCC_C_LANGUAGE_STANDARD = gnu99;
				GCC_WARN_64_TO_32_BIT_CONVERSION = YES;
				GCC_WARN_ABOUT_RETURN_TYPE = YES_ERROR;
				GCC_WARN_UNDECLARED_SELECTOR = YES;
				GCC_WARN_UNINITIALIZED_AUTOS = YES_AGGRESSIVE;
				GCC_WARN_UNUSED_FUNCTION = YES;
				GCC_WARN_UNUSED_VARIABLE = YES;
				IPHONEOS_DEPLOYMENT_TARGET = 8.2;
				MTL_ENABLE_DEBUG_INFO = NO;
				SDKROOT = iphoneos;
				VALIDATE_PRODUCT = YES;
			};
			name = Release;
		};
		899A09621AD4EE0F00C7458A /* Debug */ = {
			isa = XCBuildConfiguration;
			buildSettings = {
				ASSETCATALOG_COMPILER_APPICON_NAME = AppIcon;
				CODE_SIGN_IDENTITY = "iPhone Developer";
				INFOPLIST_FILE = pageApp/Info.plist;
				IPHONEOS_DEPLOYMENT_TARGET = 8.1;
				LD_RUNPATH_SEARCH_PATHS = "$(inherited) @executable_path/Frameworks";
				PRODUCT_NAME = "$(TARGET_NAME)";
				TARGETED_DEVICE_FAMILY = 1;
			};
			name = Debug;
		};
		899A09631AD4EE0F00C7458A /* Release */ = {
			isa = XCBuildConfiguration;
			buildSettings = {
				ASSETCATALOG_COMPILER_APPICON_NAME = AppIcon;
				CODE_SIGN_IDENTITY = "iPhone Developer";
				INFOPLIST_FILE = pageApp/Info.plist;
				IPHONEOS_DEPLOYMENT_TARGET = 8.1;
				LD_RUNPATH_SEARCH_PATHS = "$(inherited) @executable_path/Frameworks";
				PRODUCT_NAME = "$(TARGET_NAME)";
				TARGETED_DEVICE_FAMILY = 1;
			};
			name = Release;
		};
		899A09651AD4EE0F00C7458A /* Debug */ = {
			isa = XCBuildConfiguration;
			buildSettings = {
				BUNDLE_LOADER = "$(TEST_HOST)";
				FRAMEWORK_SEARCH_PATHS = (
					"$(SDKROOT)/Developer/Library/Frameworks",
					"$(inherited)",
				);
				GCC_PREPROCESSOR_DEFINITIONS = (
					"DEBUG=1",
					"$(inherited)",
				);
				INFOPLIST_FILE = pageAppTests/Info.plist;
				LD_RUNPATH_SEARCH_PATHS = "$(inherited) @executable_path/Frameworks @loader_path/Frameworks";
				PRODUCT_NAME = "$(TARGET_NAME)";
				TEST_HOST = "$(BUILT_PRODUCTS_DIR)/pageApp.app/pageApp";
			};
			name = Debug;
		};
		899A09661AD4EE0F00C7458A /* Release */ = {
			isa = XCBuildConfiguration;
			buildSettings = {
				BUNDLE_LOADER = "$(TEST_HOST)";
				FRAMEWORK_SEARCH_PATHS = (
					"$(SDKROOT)/Developer/Library/Frameworks",
					"$(inherited)",
				);
				INFOPLIST_FILE = pageAppTests/Info.plist;
				LD_RUNPATH_SEARCH_PATHS = "$(inherited) @executable_path/Frameworks @loader_path/Frameworks";
				PRODUCT_NAME = "$(TARGET_NAME)";
				TEST_HOST = "$(BUILT_PRODUCTS_DIR)/pageApp.app/pageApp";
			};
			name = Release;
		};
/* End XCBuildConfiguration section */

/* Begin XCConfigurationList section */
		899A093D1AD4EE0F00C7458A /* Build configuration list for PBXProject "pageApp" */ = {
			isa = XCConfigurationList;
			buildConfigurations = (
				899A095F1AD4EE0F00C7458A /* Debug */,
				899A09601AD4EE0F00C7458A /* Release */,
			);
			defaultConfigurationIsVisible = 0;
			defaultConfigurationName = Release;
		};
		899A09611AD4EE0F00C7458A /* Build configuration list for PBXNativeTarget "pageApp" */ = {
			isa = XCConfigurationList;
			buildConfigurations = (
				899A09621AD4EE0F00C7458A /* Debug */,
				899A09631AD4EE0F00C7458A /* Release */,
			);
			defaultConfigurationIsVisible = 0;
			defaultConfigurationName = Release;
		};
		899A09641AD4EE0F00C7458A /* Build configuration list for PBXNativeTarget "pageAppTests" */ = {
			isa = XCConfigurationList;
			buildConfigurations = (
				899A09651AD4EE0F00C7458A /* Debug */,
				899A09661AD4EE0F00C7458A /* Release */,
			);
			defaultConfigurationIsVisible = 0;
			defaultConfigurationName = Release;
		};
/* End XCConfigurationList section */
	};
	rootObject = 899A093A1AD4EE0F00C7458A /* Project object */;
}
