// !$*UTF8*$!
{
	archiveVersion = 1;
	classes = {
	};
	objectVersion = 46;
	objects = {

/* Begin PBXBuildFile section */
		3892C6D826CB9D5E7F596667 /* libPods.a in Frameworks */ = {isa = PBXBuildFile; fileRef = F7E5C912D4F71E520184D8F2 /* libPods.a */; };
		89C8EFFB1C2F437100647A88 /* AppDelegate.swift in Sources */ = {isa = PBXBuildFile; fileRef = 89C8EFFA1C2F437100647A88 /* AppDelegate.swift */; };
		89C8EFFD1C2F437100647A88 /* ViewController.swift in Sources */ = {isa = PBXBuildFile; fileRef = 89C8EFFC1C2F437100647A88 /* ViewController.swift */; };
		89C8F0001C2F437100647A88 /* Main.storyboard in Resources */ = {isa = PBXBuildFile; fileRef = 89C8EFFE1C2F437100647A88 /* Main.storyboard */; };
		89C8F0021C2F437100647A88 /* Assets.xcassets in Resources */ = {isa = PBXBuildFile; fileRef = 89C8F0011C2F437100647A88 /* Assets.xcassets */; };
		89C8F0051C2F437100647A88 /* LaunchScreen.storyboard in Resources */ = {isa = PBXBuildFile; fileRef = 89C8F0031C2F437100647A88 /* LaunchScreen.storyboard */; };
		89C8F0111C2F815800647A88 /* Product.swift in Sources */ = {isa = PBXBuildFile; fileRef = 89C8F0101C2F815800647A88 /* Product.swift */; };
		89C8F0131C305BC000647A88 /* ProductNew.swift in Sources */ = {isa = PBXBuildFile; fileRef = 89C8F0121C305BC000647A88 /* ProductNew.swift */; };
/* End PBXBuildFile section */

/* Begin PBXFileReference section */
		15C186E08306B5648334C205 /* Pods.debug.xcconfig */ = {isa = PBXFileReference; includeInIndex = 1; lastKnownFileType = text.xcconfig; name = Pods.debug.xcconfig; path = "Pods/Target Support Files/Pods/Pods.debug.xcconfig"; sourceTree = "<group>"; };
		89C8EFF71C2F437100647A88 /* ParseExplorer.app */ = {isa = PBXFileReference; explicitFileType = wrapper.application; includeInIndex = 0; path = ParseExplorer.app; sourceTree = BUILT_PRODUCTS_DIR; };
		89C8EFFA1C2F437100647A88 /* AppDelegate.swift */ = {isa = PBXFileReference; lastKnownFileType = sourcecode.swift; path = AppDelegate.swift; sourceTree = "<group>"; };
		89C8EFFC1C2F437100647A88 /* ViewController.swift */ = {isa = PBXFileReference; lastKnownFileType = sourcecode.swift; path = ViewController.swift; sourceTree = "<group>"; };
		89C8EFFF1C2F437100647A88 /* Base */ = {isa = PBXFileReference; lastKnownFileType = file.storyboard; name = Base; path = Base.lproj/Main.storyboard; sourceTree = "<group>"; };
		89C8F0011C2F437100647A88 /* Assets.xcassets */ = {isa = PBXFileReference; lastKnownFileType = folder.assetcatalog; path = Assets.xcassets; sourceTree = "<group>"; };
		89C8F0041C2F437100647A88 /* Base */ = {isa = PBXFileReference; lastKnownFileType = file.storyboard; name = Base; path = Base.lproj/LaunchScreen.storyboard; sourceTree = "<group>"; };
		89C8F0061C2F437100647A88 /* Info.plist */ = {isa = PBXFileReference; lastKnownFileType = text.plist.xml; path = Info.plist; sourceTree = "<group>"; };
		89C8F00C1C2F449800647A88 /* ParseExplorer-Bridging-Header.h */ = {isa = PBXFileReference; lastKnownFileType = sourcecode.c.h; path = "ParseExplorer-Bridging-Header.h"; sourceTree = "<group>"; };
		89C8F0101C2F815800647A88 /* Product.swift */ = {isa = PBXFileReference; fileEncoding = 4; lastKnownFileType = sourcecode.swift; path = Product.swift; sourceTree = "<group>"; };
		89C8F0121C305BC000647A88 /* ProductNew.swift */ = {isa = PBXFileReference; fileEncoding = 4; lastKnownFileType = sourcecode.swift; path = ProductNew.swift; sourceTree = "<group>"; };
		BE4F044DFE52596FB1A531F2 /* Pods.release.xcconfig */ = {isa = PBXFileReference; includeInIndex = 1; lastKnownFileType = text.xcconfig; name = Pods.release.xcconfig; path = "Pods/Target Support Files/Pods/Pods.release.xcconfig"; sourceTree = "<group>"; };
		F7E5C912D4F71E520184D8F2 /* libPods.a */ = {isa = PBXFileReference; explicitFileType = archive.ar; includeInIndex = 0; path = libPods.a; sourceTree = BUILT_PRODUCTS_DIR; };
/* End PBXFileReference section */

/* Begin PBXFrameworksBuildPhase section */
		89C8EFF41C2F437100647A88 /* Frameworks */ = {
			isa = PBXFrameworksBuildPhase;
			buildActionMask = 2147483647;
			files = (
				3892C6D826CB9D5E7F596667 /* libPods.a in Frameworks */,
			);
			runOnlyForDeploymentPostprocessing = 0;
		};
/* End PBXFrameworksBuildPhase section */

/* Begin PBXGroup section */
		89C8EFEE1C2F437100647A88 = {
			isa = PBXGroup;
			children = (
				89C8EFF91C2F437100647A88 /* ParseExplorer */,
				89C8EFF81C2F437100647A88 /* Products */,
				B872EB1F74CE4D0854E6ABDB /* Pods */,
				B010D868674C3432ED16BF6F /* Frameworks */,
			);
			sourceTree = "<group>";
		};
		89C8EFF81C2F437100647A88 /* Products */ = {
			isa = PBXGroup;
			children = (
				89C8EFF71C2F437100647A88 /* ParseExplorer.app */,
			);
			name = Products;
			sourceTree = "<group>";
		};
		89C8EFF91C2F437100647A88 /* ParseExplorer */ = {
			isa = PBXGroup;
			children = (
				89C8EFFA1C2F437100647A88 /* AppDelegate.swift */,
				89C8EFFC1C2F437100647A88 /* ViewController.swift */,
				89C8EFFE1C2F437100647A88 /* Main.storyboard */,
				89C8F0011C2F437100647A88 /* Assets.xcassets */,
				89C8F0031C2F437100647A88 /* LaunchScreen.storyboard */,
				89C8F0061C2F437100647A88 /* Info.plist */,
				89C8F00C1C2F449800647A88 /* ParseExplorer-Bridging-Header.h */,
				89C8F0101C2F815800647A88 /* Product.swift */,
				89C8F0121C305BC000647A88 /* ProductNew.swift */,
			);
			path = ParseExplorer;
			sourceTree = "<group>";
		};
		B010D868674C3432ED16BF6F /* Frameworks */ = {
			isa = PBXGroup;
			children = (
				F7E5C912D4F71E520184D8F2 /* libPods.a */,
			);
			name = Frameworks;
			sourceTree = "<group>";
		};
		B872EB1F74CE4D0854E6ABDB /* Pods */ = {
			isa = PBXGroup;
			children = (
				15C186E08306B5648334C205 /* Pods.debug.xcconfig */,
				BE4F044DFE52596FB1A531F2 /* Pods.release.xcconfig */,
			);
			name = Pods;
			sourceTree = "<group>";
		};
/* End PBXGroup section */

/* Begin PBXNativeTarget section */
		89C8EFF61C2F437100647A88 /* ParseExplorer */ = {
			isa = PBXNativeTarget;
			buildConfigurationList = 89C8F0091C2F437100647A88 /* Build configuration list for PBXNativeTarget "ParseExplorer" */;
			buildPhases = (
				659B93756E899C978F8ABF6B /* Check Pods Manifest.lock */,
				89C8EFF31C2F437100647A88 /* Sources */,
				89C8EFF41C2F437100647A88 /* Frameworks */,
				89C8EFF51C2F437100647A88 /* Resources */,
				094EDB87355A9B13F787A5E3 /* Embed Pods Frameworks */,
				AD7BBD93B82701D84BE8216E /* Copy Pods Resources */,
			);
			buildRules = (
			);
			dependencies = (
			);
			name = ParseExplorer;
			productName = ParseExplorer;
			productReference = 89C8EFF71C2F437100647A88 /* ParseExplorer.app */;
			productType = "com.apple.product-type.application";
		};
/* End PBXNativeTarget section */

/* Begin PBXProject section */
		89C8EFEF1C2F437100647A88 /* Project object */ = {
			isa = PBXProject;
			attributes = {
				LastSwiftUpdateCheck = 0720;
				LastUpgradeCheck = 0720;
				ORGANIZATIONNAME = "Anoop tomar";
				TargetAttributes = {
					89C8EFF61C2F437100647A88 = {
						CreatedOnToolsVersion = 7.2;
					};
				};
			};
			buildConfigurationList = 89C8EFF21C2F437100647A88 /* Build configuration list for PBXProject "ParseExplorer" */;
			compatibilityVersion = "Xcode 3.2";
			developmentRegion = English;
			hasScannedForEncodings = 0;
			knownRegions = (
				en,
				Base,
			);
			mainGroup = 89C8EFEE1C2F437100647A88;
			productRefGroup = 89C8EFF81C2F437100647A88 /* Products */;
			projectDirPath = "";
			projectRoot = "";
			targets = (
				89C8EFF61C2F437100647A88 /* ParseExplorer */,
			);
		};
/* End PBXProject section */

/* Begin PBXResourcesBuildPhase section */
		89C8EFF51C2F437100647A88 /* Resources */ = {
			isa = PBXResourcesBuildPhase;
			buildActionMask = 2147483647;
			files = (
				89C8F0051C2F437100647A88 /* LaunchScreen.storyboard in Resources */,
				89C8F0021C2F437100647A88 /* Assets.xcassets in Resources */,
				89C8F0001C2F437100647A88 /* Main.storyboard in Resources */,
			);
			runOnlyForDeploymentPostprocessing = 0;
		};
/* End PBXResourcesBuildPhase section */

/* Begin PBXShellScriptBuildPhase section */
		094EDB87355A9B13F787A5E3 /* Embed Pods Frameworks */ = {
			isa = PBXShellScriptBuildPhase;
			buildActionMask = 2147483647;
			files = (
			);
			inputPaths = (
			);
			name = "Embed Pods Frameworks";
			outputPaths = (
			);
			runOnlyForDeploymentPostprocessing = 0;
			shellPath = /bin/sh;
			shellScript = "\"${SRCROOT}/Pods/Target Support Files/Pods/Pods-frameworks.sh\"\n";
			showEnvVarsInLog = 0;
		};
		659B93756E899C978F8ABF6B /* Check Pods Manifest.lock */ = {
			isa = PBXShellScriptBuildPhase;
			buildActionMask = 2147483647;
			files = (
			);
			inputPaths = (
			);
			name = "Check Pods Manifest.lock";
			outputPaths = (
			);
			runOnlyForDeploymentPostprocessing = 0;
			shellPath = /bin/sh;
			shellScript = "diff \"${PODS_ROOT}/../Podfile.lock\" \"${PODS_ROOT}/Manifest.lock\" > /dev/null\nif [[ $? != 0 ]] ; then\n    cat << EOM\nerror: The sandbox is not in sync with the Podfile.lock. Run 'pod install' or update your CocoaPods installation.\nEOM\n    exit 1\nfi\n";
			showEnvVarsInLog = 0;
		};
		AD7BBD93B82701D84BE8216E /* Copy Pods Resources */ = {
			isa = PBXShellScriptBuildPhase;
			buildActionMask = 2147483647;
			files = (
			);
			inputPaths = (
			);
			name = "Copy Pods Resources";
			outputPaths = (
			);
			runOnlyForDeploymentPostprocessing = 0;
			shellPath = /bin/sh;
			shellScript = "\"${SRCROOT}/Pods/Target Support Files/Pods/Pods-resources.sh\"\n";
			showEnvVarsInLog = 0;
		};
/* End PBXShellScriptBuildPhase section */

/* Begin PBXSourcesBuildPhase section */
		89C8EFF31C2F437100647A88 /* Sources */ = {
			isa = PBXSourcesBuildPhase;
			buildActionMask = 2147483647;
			files = (
				89C8EFFD1C2F437100647A88 /* ViewController.swift in Sources */,
				89C8EFFB1C2F437100647A88 /* AppDelegate.swift in Sources */,
				89C8F0131C305BC000647A88 /* ProductNew.swift in Sources */,
				89C8F0111C2F815800647A88 /* Product.swift in Sources */,
			);
			runOnlyForDeploymentPostprocessing = 0;
		};
/* End PBXSourcesBuildPhase section */

/* Begin PBXVariantGroup section */
		89C8EFFE1C2F437100647A88 /* Main.storyboard */ = {
			isa = PBXVariantGroup;
			children = (
				89C8EFFF1C2F437100647A88 /* Base */,
			);
			name = Main.storyboard;
			sourceTree = "<group>";
		};
		89C8F0031C2F437100647A88 /* LaunchScreen.storyboard */ = {
			isa = PBXVariantGroup;
			children = (
				89C8F0041C2F437100647A88 /* Base */,
			);
			name = LaunchScreen.storyboard;
			sourceTree = "<group>";
		};
/* End PBXVariantGroup section */

/* Begin XCBuildConfiguration section */
		89C8F0071C2F437100647A88 /* Debug */ = {
			isa = XCBuildConfiguration;
			buildSettings = {
				ALWAYS_SEARCH_USER_PATHS = NO;
				CLANG_CXX_LANGUAGE_STANDARD = "gnu++0x";
				CLANG_CXX_LIBRARY = "libc++";
				CLANG_ENABLE_MODULES = YES;
				CLANG_ENABLE_OBJC_ARC = YES;
				CLANG_WARN_BOOL_CONVERSION = YES;
				CLANG_WARN_CONSTANT_CONVERSION = YES;
				CLANG_WARN_DIRECT_OBJC_ISA_USAGE = YES_ERROR;
				CLANG_WARN_EMPTY_BODY = YES;
				CLANG_WARN_ENUM_CONVERSION = YES;
				CLANG_WARN_INT_CONVERSION = YES;
				CLANG_WARN_OBJC_ROOT_CLASS = YES_ERROR;
				CLANG_WARN_UNREACHABLE_CODE = YES;
				CLANG_WARN__DUPLICATE_METHOD_MATCH = YES;
				"CODE_SIGN_IDENTITY[sdk=iphoneos*]" = "iPhone Developer";
				COPY_PHASE_STRIP = NO;
				DEBUG_INFORMATION_FORMAT = dwarf;
				ENABLE_STRICT_OBJC_MSGSEND = YES;
				ENABLE_TESTABILITY = YES;
				GCC_C_LANGUAGE_STANDARD = gnu99;
				GCC_DYNAMIC_NO_PIC = NO;
				GCC_NO_COMMON_BLOCKS = YES;
				GCC_OPTIMIZATION_LEVEL = 0;
				GCC_PREPROCESSOR_DEFINITIONS = (
					"DEBUG=1",
					"$(inherited)",
				);
				GCC_WARN_64_TO_32_BIT_CONVERSION = YES;
				GCC_WARN_ABOUT_RETURN_TYPE = YES_ERROR;
				GCC_WARN_UNDECLARED_SELECTOR = YES;
				GCC_WARN_UNINITIALIZED_AUTOS = YES_AGGRESSIVE;
				GCC_WARN_UNUSED_FUNCTION = YES;
				GCC_WARN_UNUSED_VARIABLE = YES;
				IPHONEOS_DEPLOYMENT_TARGET = 9.2;
				MTL_ENABLE_DEBUG_INFO = YES;
				ONLY_ACTIVE_ARCH = YES;
				SDKROOT = iphoneos;
				SWIFT_OPTIMIZATION_LEVEL = "-Onone";
			};
			name = Debug;
		};
		89C8F0081C2F437100647A88 /* Release */ = {
			isa = XCBuildConfiguration;
			buildSettings = {
				ALWAYS_SEARCH_USER_PATHS = NO;
				CLANG_CXX_LANGUAGE_STANDARD = "gnu++0x";
				CLANG_CXX_LIBRARY = "libc++";
				CLANG_ENABLE_MODULES = YES;
				CLANG_ENABLE_OBJC_ARC = YES;
				CLANG_WARN_BOOL_CONVERSION = YES;
				CLANG_WARN_CONSTANT_CONVERSION = YES;
				CLANG_WARN_DIRECT_OBJC_ISA_USAGE = YES_ERROR;
				CLANG_WARN_EMPTY_BODY = YES;
				CLANG_WARN_ENUM_CONVERSION = YES;
				CLANG_WARN_INT_CONVERSION = YES;
				CLANG_WARN_OBJC_ROOT_CLASS = YES_ERROR;
				CLANG_WARN_UNREACHABLE_CODE = YES;
				CLANG_WARN__DUPLICATE_METHOD_MATCH = YES;
				"CODE_SIGN_IDENTITY[sdk=iphoneos*]" = "iPhone Developer";
				COPY_PHASE_STRIP = NO;
				DEBUG_INFORMATION_FORMAT = "dwarf-with-dsym";
				ENABLE_NS_ASSERTIONS = NO;
				ENABLE_STRICT_OBJC_MSGSEND = YES;
				GCC_C_LANGUAGE_STANDARD = gnu99;
				GCC_NO_COMMON_BLOCKS = YES;
				GCC_WARN_64_TO_32_BIT_CONVERSION = YES;
				GCC_WARN_ABOUT_RETURN_TYPE = YES_ERROR;
				GCC_WARN_UNDECLARED_SELECTOR = YES;
				GCC_WARN_UNINITIALIZED_AUTOS = YES_AGGRESSIVE;
				GCC_WARN_UNUSED_FUNCTION = YES;
				GCC_WARN_UNUSED_VARIABLE = YES;
				IPHONEOS_DEPLOYMENT_TARGET = 9.2;
				MTL_ENABLE_DEBUG_INFO = NO;
				SDKROOT = iphoneos;
				VALIDATE_PRODUCT = YES;
			};
			name = Release;
		};
		89C8F00A1C2F437100647A88 /* Debug */ = {
			isa = XCBuildConfiguration;
			baseConfigurationReference = 15C186E08306B5648334C205 /* Pods.debug.xcconfig */;
			buildSettings = {
				ASSETCATALOG_COMPILER_APPICON_NAME = AppIcon;
				CLANG_ENABLE_MODULES = YES;
				INFOPLIST_FILE = ParseExplorer/Info.plist;
				LD_RUNPATH_SEARCH_PATHS = "$(inherited) @executable_path/Frameworks";
				PRODUCT_BUNDLE_IDENTIFIER = com.devtechie.ParseExplorer;
				PRODUCT_NAME = "$(TARGET_NAME)";
				SWIFT_OBJC_BRIDGING_HEADER = "ParseExplorer/ParseExplorer-Bridging-Header.h";
				SWIFT_OPTIMIZATION_LEVEL = "-Onone";
			};
			name = Debug;
		};
		89C8F00B1C2F437100647A88 /* Release */ = {
			isa = XCBuildConfiguration;
			baseConfigurationReference = BE4F044DFE52596FB1A531F2 /* Pods.release.xcconfig */;
			buildSettings = {
				ASSETCATALOG_COMPILER_APPICON_NAME = AppIcon;
				CLANG_ENABLE_MODULES = YES;
				INFOPLIST_FILE = ParseExplorer/Info.plist;
				LD_RUNPATH_SEARCH_PATHS = "$(inherited) @executable_path/Frameworks";
				PRODUCT_BUNDLE_IDENTIFIER = com.devtechie.ParseExplorer;
				PRODUCT_NAME = "$(TARGET_NAME)";
				SWIFT_OBJC_BRIDGING_HEADER = "ParseExplorer/ParseExplorer-Bridging-Header.h";
			};
			name = Release;
		};
/* End XCBuildConfiguration section */

/* Begin XCConfigurationList section */
		89C8EFF21C2F437100647A88 /* Build configuration list for PBXProject "ParseExplorer" */ = {
			isa = XCConfigurationList;
			buildConfigurations = (
				89C8F0071C2F437100647A88 /* Debug */,
				89C8F0081C2F437100647A88 /* Release */,
			);
			defaultConfigurationIsVisible = 0;
			defaultConfigurationName = Release;
		};
		89C8F0091C2F437100647A88 /* Build configuration list for PBXNativeTarget "ParseExplorer" */ = {
			isa = XCConfigurationList;
			buildConfigurations = (
				89C8F00A1C2F437100647A88 /* Debug */,
				89C8F00B1C2F437100647A88 /* Release */,
			);
			defaultConfigurationIsVisible = 0;
			defaultConfigurationName = Release;
		};
/* End XCConfigurationList section */
	};
	rootObject = 89C8EFEF1C2F437100647A88 /* Project object */;
}
