// !$*UTF8*$!
{
	archiveVersion = 1;
	classes = {
	};
	objectVersion = 46;
	objects = {

/* Begin PBXBuildFile section */
		8949D5AB1AB2BAE400DC2F66 /* AppDelegate.swift in Sources */ = {isa = PBXBuildFile; fileRef = 8949D5AA1AB2BAE400DC2F66 /* AppDelegate.swift */; };
		8949D5AD1AB2BAE400DC2F66 /* ViewController.swift in Sources */ = {isa = PBXBuildFile; fileRef = 8949D5AC1AB2BAE400DC2F66 /* ViewController.swift */; };
		8949D5B01AB2BAE400DC2F66 /* Main.storyboard in Resources */ = {isa = PBXBuildFile; fileRef = 8949D5AE1AB2BAE400DC2F66 /* Main.storyboard */; };
		8949D5B21AB2BAE400DC2F66 /* Images.xcassets in Resources */ = {isa = PBXBuildFile; fileRef = 8949D5B11AB2BAE400DC2F66 /* Images.xcassets */; };
		8949D5B51AB2BAE400DC2F66 /* LaunchScreen.xib in Resources */ = {isa = PBXBuildFile; fileRef = 8949D5B31AB2BAE400DC2F66 /* LaunchScreen.xib */; };
		8949D5C11AB2BAE400DC2F66 /* SpringDemoTests.swift in Sources */ = {isa = PBXBuildFile; fileRef = 8949D5C01AB2BAE400DC2F66 /* SpringDemoTests.swift */; };
		8949D6591AB2BBCC00DC2F66 /* AsyncButton.swift in Sources */ = {isa = PBXBuildFile; fileRef = 8949D63C1AB2BBCC00DC2F66 /* AsyncButton.swift */; };
		8949D65A1AB2BBCC00DC2F66 /* AsyncImageView.swift in Sources */ = {isa = PBXBuildFile; fileRef = 8949D63D1AB2BBCC00DC2F66 /* AsyncImageView.swift */; };
		8949D65B1AB2BBCC00DC2F66 /* BlurView.swift in Sources */ = {isa = PBXBuildFile; fileRef = 8949D63E1AB2BBCC00DC2F66 /* BlurView.swift */; };
		8949D65C1AB2BBCC00DC2F66 /* DesignableButton.swift in Sources */ = {isa = PBXBuildFile; fileRef = 8949D63F1AB2BBCC00DC2F66 /* DesignableButton.swift */; };
		8949D65D1AB2BBCC00DC2F66 /* DesignableImageView.swift in Sources */ = {isa = PBXBuildFile; fileRef = 8949D6401AB2BBCC00DC2F66 /* DesignableImageView.swift */; };
		8949D65E1AB2BBCC00DC2F66 /* DesignableLabel.swift in Sources */ = {isa = PBXBuildFile; fileRef = 8949D6411AB2BBCC00DC2F66 /* DesignableLabel.swift */; };
		8949D65F1AB2BBCC00DC2F66 /* DesignableTabBarController.swift in Sources */ = {isa = PBXBuildFile; fileRef = 8949D6421AB2BBCC00DC2F66 /* DesignableTabBarController.swift */; };
		8949D6601AB2BBCC00DC2F66 /* DesignableTextField.swift in Sources */ = {isa = PBXBuildFile; fileRef = 8949D6431AB2BBCC00DC2F66 /* DesignableTextField.swift */; };
		8949D6611AB2BBCC00DC2F66 /* DesignableTextView.swift in Sources */ = {isa = PBXBuildFile; fileRef = 8949D6441AB2BBCC00DC2F66 /* DesignableTextView.swift */; };
		8949D6621AB2BBCC00DC2F66 /* DesignableView.swift in Sources */ = {isa = PBXBuildFile; fileRef = 8949D6451AB2BBCC00DC2F66 /* DesignableView.swift */; };
		8949D6631AB2BBCC00DC2F66 /* ImageLoader.swift in Sources */ = {isa = PBXBuildFile; fileRef = 8949D6461AB2BBCC00DC2F66 /* ImageLoader.swift */; };
		8949D6641AB2BBCC00DC2F66 /* Info.plist in Resources */ = {isa = PBXBuildFile; fileRef = 8949D6471AB2BBCC00DC2F66 /* Info.plist */; };
		8949D6651AB2BBCC00DC2F66 /* KeyboardLayoutConstraint.swift in Sources */ = {isa = PBXBuildFile; fileRef = 8949D6481AB2BBCC00DC2F66 /* KeyboardLayoutConstraint.swift */; };
		8949D6661AB2BBCC00DC2F66 /* LoadingView.swift in Sources */ = {isa = PBXBuildFile; fileRef = 8949D6491AB2BBCC00DC2F66 /* LoadingView.swift */; };
		8949D6671AB2BBCC00DC2F66 /* LoadingView.xib in Resources */ = {isa = PBXBuildFile; fileRef = 8949D64A1AB2BBCC00DC2F66 /* LoadingView.xib */; };
		8949D6681AB2BBCC00DC2F66 /* Misc.swift in Sources */ = {isa = PBXBuildFile; fileRef = 8949D64B1AB2BBCC00DC2F66 /* Misc.swift */; };
		8949D6691AB2BBCC00DC2F66 /* SoundPlayer.swift in Sources */ = {isa = PBXBuildFile; fileRef = 8949D64C1AB2BBCC00DC2F66 /* SoundPlayer.swift */; };
		8949D66A1AB2BBCC00DC2F66 /* Spring.swift in Sources */ = {isa = PBXBuildFile; fileRef = 8949D64E1AB2BBCC00DC2F66 /* Spring.swift */; };
		8949D66B1AB2BBCC00DC2F66 /* SpringAnimation.swift in Sources */ = {isa = PBXBuildFile; fileRef = 8949D64F1AB2BBCC00DC2F66 /* SpringAnimation.swift */; };
		8949D66C1AB2BBCC00DC2F66 /* SpringButton.swift in Sources */ = {isa = PBXBuildFile; fileRef = 8949D6501AB2BBCC00DC2F66 /* SpringButton.swift */; };
		8949D66D1AB2BBCC00DC2F66 /* SpringImageView.swift in Sources */ = {isa = PBXBuildFile; fileRef = 8949D6511AB2BBCC00DC2F66 /* SpringImageView.swift */; };
		8949D66E1AB2BBCC00DC2F66 /* SpringLabel.swift in Sources */ = {isa = PBXBuildFile; fileRef = 8949D6521AB2BBCC00DC2F66 /* SpringLabel.swift */; };
		8949D66F1AB2BBCC00DC2F66 /* SpringTextField.swift in Sources */ = {isa = PBXBuildFile; fileRef = 8949D6531AB2BBCC00DC2F66 /* SpringTextField.swift */; };
		8949D6701AB2BBCC00DC2F66 /* SpringTextView.swift in Sources */ = {isa = PBXBuildFile; fileRef = 8949D6541AB2BBCC00DC2F66 /* SpringTextView.swift */; };
		8949D6711AB2BBCC00DC2F66 /* SpringView.swift in Sources */ = {isa = PBXBuildFile; fileRef = 8949D6551AB2BBCC00DC2F66 /* SpringView.swift */; };
		8949D6721AB2BBCC00DC2F66 /* TransitionManager.swift in Sources */ = {isa = PBXBuildFile; fileRef = 8949D6561AB2BBCC00DC2F66 /* TransitionManager.swift */; };
		8949D6731AB2BBCC00DC2F66 /* TransitionZoom.swift in Sources */ = {isa = PBXBuildFile; fileRef = 8949D6571AB2BBCC00DC2F66 /* TransitionZoom.swift */; };
		8949D6741AB2BBCC00DC2F66 /* UnwindSegue.swift in Sources */ = {isa = PBXBuildFile; fileRef = 8949D6581AB2BBCC00DC2F66 /* UnwindSegue.swift */; };
		8949D6761AB2BD1B00DC2F66 /* ListViewController.swift in Sources */ = {isa = PBXBuildFile; fileRef = 8949D6751AB2BD1B00DC2F66 /* ListViewController.swift */; };
/* End PBXBuildFile section */

/* Begin PBXContainerItemProxy section */
		8949D5BB1AB2BAE400DC2F66 /* PBXContainerItemProxy */ = {
			isa = PBXContainerItemProxy;
			containerPortal = 8949D59D1AB2BAE400DC2F66 /* Project object */;
			proxyType = 1;
			remoteGlobalIDString = 8949D5A41AB2BAE400DC2F66;
			remoteInfo = SpringDemo;
		};
/* End PBXContainerItemProxy section */

/* Begin PBXFileReference section */
		8949D5A51AB2BAE400DC2F66 /* SpringDemo.app */ = {isa = PBXFileReference; explicitFileType = wrapper.application; includeInIndex = 0; path = SpringDemo.app; sourceTree = BUILT_PRODUCTS_DIR; };
		8949D5A91AB2BAE400DC2F66 /* Info.plist */ = {isa = PBXFileReference; lastKnownFileType = text.plist.xml; path = Info.plist; sourceTree = "<group>"; };
		8949D5AA1AB2BAE400DC2F66 /* AppDelegate.swift */ = {isa = PBXFileReference; lastKnownFileType = sourcecode.swift; path = AppDelegate.swift; sourceTree = "<group>"; };
		8949D5AC1AB2BAE400DC2F66 /* ViewController.swift */ = {isa = PBXFileReference; lastKnownFileType = sourcecode.swift; path = ViewController.swift; sourceTree = "<group>"; };
		8949D5AF1AB2BAE400DC2F66 /* Base */ = {isa = PBXFileReference; lastKnownFileType = file.storyboard; name = Base; path = Base.lproj/Main.storyboard; sourceTree = "<group>"; };
		8949D5B11AB2BAE400DC2F66 /* Images.xcassets */ = {isa = PBXFileReference; lastKnownFileType = folder.assetcatalog; path = Images.xcassets; sourceTree = "<group>"; };
		8949D5B41AB2BAE400DC2F66 /* Base */ = {isa = PBXFileReference; lastKnownFileType = file.xib; name = Base; path = Base.lproj/LaunchScreen.xib; sourceTree = "<group>"; };
		8949D5BA1AB2BAE400DC2F66 /* SpringDemoTests.xctest */ = {isa = PBXFileReference; explicitFileType = wrapper.cfbundle; includeInIndex = 0; path = SpringDemoTests.xctest; sourceTree = BUILT_PRODUCTS_DIR; };
		8949D5BF1AB2BAE400DC2F66 /* Info.plist */ = {isa = PBXFileReference; lastKnownFileType = text.plist.xml; path = Info.plist; sourceTree = "<group>"; };
		8949D5C01AB2BAE400DC2F66 /* SpringDemoTests.swift */ = {isa = PBXFileReference; lastKnownFileType = sourcecode.swift; path = SpringDemoTests.swift; sourceTree = "<group>"; };
		8949D63C1AB2BBCC00DC2F66 /* AsyncButton.swift */ = {isa = PBXFileReference; fileEncoding = 4; lastKnownFileType = sourcecode.swift; path = AsyncButton.swift; sourceTree = "<group>"; };
		8949D63D1AB2BBCC00DC2F66 /* AsyncImageView.swift */ = {isa = PBXFileReference; fileEncoding = 4; lastKnownFileType = sourcecode.swift; path = AsyncImageView.swift; sourceTree = "<group>"; };
		8949D63E1AB2BBCC00DC2F66 /* BlurView.swift */ = {isa = PBXFileReference; fileEncoding = 4; lastKnownFileType = sourcecode.swift; path = BlurView.swift; sourceTree = "<group>"; };
		8949D63F1AB2BBCC00DC2F66 /* DesignableButton.swift */ = {isa = PBXFileReference; fileEncoding = 4; lastKnownFileType = sourcecode.swift; path = DesignableButton.swift; sourceTree = "<group>"; };
		8949D6401AB2BBCC00DC2F66 /* DesignableImageView.swift */ = {isa = PBXFileReference; fileEncoding = 4; lastKnownFileType = sourcecode.swift; path = DesignableImageView.swift; sourceTree = "<group>"; };
		8949D6411AB2BBCC00DC2F66 /* DesignableLabel.swift */ = {isa = PBXFileReference; fileEncoding = 4; lastKnownFileType = sourcecode.swift; path = DesignableLabel.swift; sourceTree = "<group>"; };
		8949D6421AB2BBCC00DC2F66 /* DesignableTabBarController.swift */ = {isa = PBXFileReference; fileEncoding = 4; lastKnownFileType = sourcecode.swift; path = DesignableTabBarController.swift; sourceTree = "<group>"; };
		8949D6431AB2BBCC00DC2F66 /* DesignableTextField.swift */ = {isa = PBXFileReference; fileEncoding = 4; lastKnownFileType = sourcecode.swift; path = DesignableTextField.swift; sourceTree = "<group>"; };
		8949D6441AB2BBCC00DC2F66 /* DesignableTextView.swift */ = {isa = PBXFileReference; fileEncoding = 4; lastKnownFileType = sourcecode.swift; path = DesignableTextView.swift; sourceTree = "<group>"; };
		8949D6451AB2BBCC00DC2F66 /* DesignableView.swift */ = {isa = PBXFileReference; fileEncoding = 4; lastKnownFileType = sourcecode.swift; path = DesignableView.swift; sourceTree = "<group>"; };
		8949D6461AB2BBCC00DC2F66 /* ImageLoader.swift */ = {isa = PBXFileReference; fileEncoding = 4; lastKnownFileType = sourcecode.swift; path = ImageLoader.swift; sourceTree = "<group>"; };
		8949D6471AB2BBCC00DC2F66 /* Info.plist */ = {isa = PBXFileReference; fileEncoding = 4; lastKnownFileType = text.plist.xml; path = Info.plist; sourceTree = "<group>"; };
		8949D6481AB2BBCC00DC2F66 /* KeyboardLayoutConstraint.swift */ = {isa = PBXFileReference; fileEncoding = 4; lastKnownFileType = sourcecode.swift; path = KeyboardLayoutConstraint.swift; sourceTree = "<group>"; };
		8949D6491AB2BBCC00DC2F66 /* LoadingView.swift */ = {isa = PBXFileReference; fileEncoding = 4; lastKnownFileType = sourcecode.swift; path = LoadingView.swift; sourceTree = "<group>"; };
		8949D64A1AB2BBCC00DC2F66 /* LoadingView.xib */ = {isa = PBXFileReference; fileEncoding = 4; lastKnownFileType = file.xib; path = LoadingView.xib; sourceTree = "<group>"; };
		8949D64B1AB2BBCC00DC2F66 /* Misc.swift */ = {isa = PBXFileReference; fileEncoding = 4; lastKnownFileType = sourcecode.swift; path = Misc.swift; sourceTree = "<group>"; };
		8949D64C1AB2BBCC00DC2F66 /* SoundPlayer.swift */ = {isa = PBXFileReference; fileEncoding = 4; lastKnownFileType = sourcecode.swift; path = SoundPlayer.swift; sourceTree = "<group>"; };
		8949D64D1AB2BBCC00DC2F66 /* Spring.h */ = {isa = PBXFileReference; fileEncoding = 4; lastKnownFileType = sourcecode.c.h; path = Spring.h; sourceTree = "<group>"; };
		8949D64E1AB2BBCC00DC2F66 /* Spring.swift */ = {isa = PBXFileReference; fileEncoding = 4; lastKnownFileType = sourcecode.swift; path = Spring.swift; sourceTree = "<group>"; };
		8949D64F1AB2BBCC00DC2F66 /* SpringAnimation.swift */ = {isa = PBXFileReference; fileEncoding = 4; lastKnownFileType = sourcecode.swift; path = SpringAnimation.swift; sourceTree = "<group>"; };
		8949D6501AB2BBCC00DC2F66 /* SpringButton.swift */ = {isa = PBXFileReference; fileEncoding = 4; lastKnownFileType = sourcecode.swift; path = SpringButton.swift; sourceTree = "<group>"; };
		8949D6511AB2BBCC00DC2F66 /* SpringImageView.swift */ = {isa = PBXFileReference; fileEncoding = 4; lastKnownFileType = sourcecode.swift; path = SpringImageView.swift; sourceTree = "<group>"; };
		8949D6521AB2BBCC00DC2F66 /* SpringLabel.swift */ = {isa = PBXFileReference; fileEncoding = 4; lastKnownFileType = sourcecode.swift; path = SpringLabel.swift; sourceTree = "<group>"; };
		8949D6531AB2BBCC00DC2F66 /* SpringTextField.swift */ = {isa = PBXFileReference; fileEncoding = 4; lastKnownFileType = sourcecode.swift; path = SpringTextField.swift; sourceTree = "<group>"; };
		8949D6541AB2BBCC00DC2F66 /* SpringTextView.swift */ = {isa = PBXFileReference; fileEncoding = 4; lastKnownFileType = sourcecode.swift; path = SpringTextView.swift; sourceTree = "<group>"; };
		8949D6551AB2BBCC00DC2F66 /* SpringView.swift */ = {isa = PBXFileReference; fileEncoding = 4; lastKnownFileType = sourcecode.swift; path = SpringView.swift; sourceTree = "<group>"; };
		8949D6561AB2BBCC00DC2F66 /* TransitionManager.swift */ = {isa = PBXFileReference; fileEncoding = 4; lastKnownFileType = sourcecode.swift; path = TransitionManager.swift; sourceTree = "<group>"; };
		8949D6571AB2BBCC00DC2F66 /* TransitionZoom.swift */ = {isa = PBXFileReference; fileEncoding = 4; lastKnownFileType = sourcecode.swift; path = TransitionZoom.swift; sourceTree = "<group>"; };
		8949D6581AB2BBCC00DC2F66 /* UnwindSegue.swift */ = {isa = PBXFileReference; fileEncoding = 4; lastKnownFileType = sourcecode.swift; path = UnwindSegue.swift; sourceTree = "<group>"; };
		8949D6751AB2BD1B00DC2F66 /* ListViewController.swift */ = {isa = PBXFileReference; fileEncoding = 4; lastKnownFileType = sourcecode.swift; path = ListViewController.swift; sourceTree = "<group>"; };
/* End PBXFileReference section */

/* Begin PBXFrameworksBuildPhase section */
		8949D5A21AB2BAE400DC2F66 /* Frameworks */ = {
			isa = PBXFrameworksBuildPhase;
			buildActionMask = 2147483647;
			files = (
			);
			runOnlyForDeploymentPostprocessing = 0;
		};
		8949D5B71AB2BAE400DC2F66 /* Frameworks */ = {
			isa = PBXFrameworksBuildPhase;
			buildActionMask = 2147483647;
			files = (
			);
			runOnlyForDeploymentPostprocessing = 0;
		};
/* End PBXFrameworksBuildPhase section */

/* Begin PBXGroup section */
		8949D59C1AB2BAE400DC2F66 = {
			isa = PBXGroup;
			children = (
				8949D5A71AB2BAE400DC2F66 /* SpringDemo */,
				8949D5BD1AB2BAE400DC2F66 /* SpringDemoTests */,
				8949D5A61AB2BAE400DC2F66 /* Products */,
				8949D63B1AB2BBCC00DC2F66 /* Spring */,
			);
			sourceTree = "<group>";
		};
		8949D5A61AB2BAE400DC2F66 /* Products */ = {
			isa = PBXGroup;
			children = (
				8949D5A51AB2BAE400DC2F66 /* SpringDemo.app */,
				8949D5BA1AB2BAE400DC2F66 /* SpringDemoTests.xctest */,
			);
			name = Products;
			sourceTree = "<group>";
		};
		8949D5A71AB2BAE400DC2F66 /* SpringDemo */ = {
			isa = PBXGroup;
			children = (
				8949D5AA1AB2BAE400DC2F66 /* AppDelegate.swift */,
				8949D6751AB2BD1B00DC2F66 /* ListViewController.swift */,
				8949D5AC1AB2BAE400DC2F66 /* ViewController.swift */,
				8949D5AE1AB2BAE400DC2F66 /* Main.storyboard */,
				8949D5B11AB2BAE400DC2F66 /* Images.xcassets */,
				8949D5B31AB2BAE400DC2F66 /* LaunchScreen.xib */,
				8949D5A81AB2BAE400DC2F66 /* Supporting Files */,
			);
			path = SpringDemo;
			sourceTree = "<group>";
		};
		8949D5A81AB2BAE400DC2F66 /* Supporting Files */ = {
			isa = PBXGroup;
			children = (
				8949D5A91AB2BAE400DC2F66 /* Info.plist */,
			);
			name = "Supporting Files";
			sourceTree = "<group>";
		};
		8949D5BD1AB2BAE400DC2F66 /* SpringDemoTests */ = {
			isa = PBXGroup;
			children = (
				8949D5C01AB2BAE400DC2F66 /* SpringDemoTests.swift */,
				8949D5BE1AB2BAE400DC2F66 /* Supporting Files */,
			);
			path = SpringDemoTests;
			sourceTree = "<group>";
		};
		8949D5BE1AB2BAE400DC2F66 /* Supporting Files */ = {
			isa = PBXGroup;
			children = (
				8949D5BF1AB2BAE400DC2F66 /* Info.plist */,
			);
			name = "Supporting Files";
			sourceTree = "<group>";
		};
		8949D63B1AB2BBCC00DC2F66 /* Spring */ = {
			isa = PBXGroup;
			children = (
				8949D63C1AB2BBCC00DC2F66 /* AsyncButton.swift */,
				8949D63D1AB2BBCC00DC2F66 /* AsyncImageView.swift */,
				8949D63E1AB2BBCC00DC2F66 /* BlurView.swift */,
				8949D63F1AB2BBCC00DC2F66 /* DesignableButton.swift */,
				8949D6401AB2BBCC00DC2F66 /* DesignableImageView.swift */,
				8949D6411AB2BBCC00DC2F66 /* DesignableLabel.swift */,
				8949D6421AB2BBCC00DC2F66 /* DesignableTabBarController.swift */,
				8949D6431AB2BBCC00DC2F66 /* DesignableTextField.swift */,
				8949D6441AB2BBCC00DC2F66 /* DesignableTextView.swift */,
				8949D6451AB2BBCC00DC2F66 /* DesignableView.swift */,
				8949D6461AB2BBCC00DC2F66 /* ImageLoader.swift */,
				8949D6471AB2BBCC00DC2F66 /* Info.plist */,
				8949D6481AB2BBCC00DC2F66 /* KeyboardLayoutConstraint.swift */,
				8949D6491AB2BBCC00DC2F66 /* LoadingView.swift */,
				8949D64A1AB2BBCC00DC2F66 /* LoadingView.xib */,
				8949D64B1AB2BBCC00DC2F66 /* Misc.swift */,
				8949D64C1AB2BBCC00DC2F66 /* SoundPlayer.swift */,
				8949D64D1AB2BBCC00DC2F66 /* Spring.h */,
				8949D64E1AB2BBCC00DC2F66 /* Spring.swift */,
				8949D64F1AB2BBCC00DC2F66 /* SpringAnimation.swift */,
				8949D6501AB2BBCC00DC2F66 /* SpringButton.swift */,
				8949D6511AB2BBCC00DC2F66 /* SpringImageView.swift */,
				8949D6521AB2BBCC00DC2F66 /* SpringLabel.swift */,
				8949D6531AB2BBCC00DC2F66 /* SpringTextField.swift */,
				8949D6541AB2BBCC00DC2F66 /* SpringTextView.swift */,
				8949D6551AB2BBCC00DC2F66 /* SpringView.swift */,
				8949D6561AB2BBCC00DC2F66 /* TransitionManager.swift */,
				8949D6571AB2BBCC00DC2F66 /* TransitionZoom.swift */,
				8949D6581AB2BBCC00DC2F66 /* UnwindSegue.swift */,
			);
			path = Spring;
			sourceTree = "<group>";
		};
/* End PBXGroup section */

/* Begin PBXNativeTarget section */
		8949D5A41AB2BAE400DC2F66 /* SpringDemo */ = {
			isa = PBXNativeTarget;
			buildConfigurationList = 8949D5C41AB2BAE400DC2F66 /* Build configuration list for PBXNativeTarget "SpringDemo" */;
			buildPhases = (
				8949D5A11AB2BAE400DC2F66 /* Sources */,
				8949D5A21AB2BAE400DC2F66 /* Frameworks */,
				8949D5A31AB2BAE400DC2F66 /* Resources */,
			);
			buildRules = (
			);
			dependencies = (
			);
			name = SpringDemo;
			productName = SpringDemo;
			productReference = 8949D5A51AB2BAE400DC2F66 /* SpringDemo.app */;
			productType = "com.apple.product-type.application";
		};
		8949D5B91AB2BAE400DC2F66 /* SpringDemoTests */ = {
			isa = PBXNativeTarget;
			buildConfigurationList = 8949D5C71AB2BAE400DC2F66 /* Build configuration list for PBXNativeTarget "SpringDemoTests" */;
			buildPhases = (
				8949D5B61AB2BAE400DC2F66 /* Sources */,
				8949D5B71AB2BAE400DC2F66 /* Frameworks */,
				8949D5B81AB2BAE400DC2F66 /* Resources */,
			);
			buildRules = (
			);
			dependencies = (
				8949D5BC1AB2BAE400DC2F66 /* PBXTargetDependency */,
			);
			name = SpringDemoTests;
			productName = SpringDemoTests;
			productReference = 8949D5BA1AB2BAE400DC2F66 /* SpringDemoTests.xctest */;
			productType = "com.apple.product-type.bundle.unit-test";
		};
/* End PBXNativeTarget section */

/* Begin PBXProject section */
		8949D59D1AB2BAE400DC2F66 /* Project object */ = {
			isa = PBXProject;
			attributes = {
				LastUpgradeCheck = 0620;
				ORGANIZATIONNAME = "Anoop tomar";
				TargetAttributes = {
					8949D5A41AB2BAE400DC2F66 = {
						CreatedOnToolsVersion = 6.2;
					};
					8949D5B91AB2BAE400DC2F66 = {
						CreatedOnToolsVersion = 6.2;
						TestTargetID = 8949D5A41AB2BAE400DC2F66;
					};
				};
			};
			buildConfigurationList = 8949D5A01AB2BAE400DC2F66 /* Build configuration list for PBXProject "SpringDemo" */;
			compatibilityVersion = "Xcode 3.2";
			developmentRegion = English;
			hasScannedForEncodings = 0;
			knownRegions = (
				en,
				Base,
			);
			mainGroup = 8949D59C1AB2BAE400DC2F66;
			productRefGroup = 8949D5A61AB2BAE400DC2F66 /* Products */;
			projectDirPath = "";
			projectRoot = "";
			targets = (
				8949D5A41AB2BAE400DC2F66 /* SpringDemo */,
				8949D5B91AB2BAE400DC2F66 /* SpringDemoTests */,
			);
		};
/* End PBXProject section */

/* Begin PBXResourcesBuildPhase section */
		8949D5A31AB2BAE400DC2F66 /* Resources */ = {
			isa = PBXResourcesBuildPhase;
			buildActionMask = 2147483647;
			files = (
				8949D6641AB2BBCC00DC2F66 /* Info.plist in Resources */,
				8949D5B01AB2BAE400DC2F66 /* Main.storyboard in Resources */,
				8949D5B51AB2BAE400DC2F66 /* LaunchScreen.xib in Resources */,
				8949D5B21AB2BAE400DC2F66 /* Images.xcassets in Resources */,
				8949D6671AB2BBCC00DC2F66 /* LoadingView.xib in Resources */,
			);
			runOnlyForDeploymentPostprocessing = 0;
		};
		8949D5B81AB2BAE400DC2F66 /* Resources */ = {
			isa = PBXResourcesBuildPhase;
			buildActionMask = 2147483647;
			files = (
			);
			runOnlyForDeploymentPostprocessing = 0;
		};
/* End PBXResourcesBuildPhase section */

/* Begin PBXSourcesBuildPhase section */
		8949D5A11AB2BAE400DC2F66 /* Sources */ = {
			isa = PBXSourcesBuildPhase;
			buildActionMask = 2147483647;
			files = (
				8949D6761AB2BD1B00DC2F66 /* ListViewController.swift in Sources */,
				8949D6731AB2BBCC00DC2F66 /* TransitionZoom.swift in Sources */,
				8949D6711AB2BBCC00DC2F66 /* SpringView.swift in Sources */,
				8949D5AD1AB2BAE400DC2F66 /* ViewController.swift in Sources */,
				8949D6681AB2BBCC00DC2F66 /* Misc.swift in Sources */,
				8949D66D1AB2BBCC00DC2F66 /* SpringImageView.swift in Sources */,
				8949D66F1AB2BBCC00DC2F66 /* SpringTextField.swift in Sources */,
				8949D5AB1AB2BAE400DC2F66 /* AppDelegate.swift in Sources */,
				8949D65B1AB2BBCC00DC2F66 /* BlurView.swift in Sources */,
				8949D66E1AB2BBCC00DC2F66 /* SpringLabel.swift in Sources */,
				8949D6591AB2BBCC00DC2F66 /* AsyncButton.swift in Sources */,
				8949D6611AB2BBCC00DC2F66 /* DesignableTextView.swift in Sources */,
				8949D65A1AB2BBCC00DC2F66 /* AsyncImageView.swift in Sources */,
				8949D65C1AB2BBCC00DC2F66 /* DesignableButton.swift in Sources */,
				8949D66C1AB2BBCC00DC2F66 /* SpringButton.swift in Sources */,
				8949D66A1AB2BBCC00DC2F66 /* Spring.swift in Sources */,
				8949D65E1AB2BBCC00DC2F66 /* DesignableLabel.swift in Sources */,
				8949D6661AB2BBCC00DC2F66 /* LoadingView.swift in Sources */,
				8949D6721AB2BBCC00DC2F66 /* TransitionManager.swift in Sources */,
				8949D6621AB2BBCC00DC2F66 /* DesignableView.swift in Sources */,
				8949D6601AB2BBCC00DC2F66 /* DesignableTextField.swift in Sources */,
				8949D65F1AB2BBCC00DC2F66 /* DesignableTabBarController.swift in Sources */,
				8949D6701AB2BBCC00DC2F66 /* SpringTextView.swift in Sources */,
				8949D6651AB2BBCC00DC2F66 /* KeyboardLayoutConstraint.swift in Sources */,
				8949D65D1AB2BBCC00DC2F66 /* DesignableImageView.swift in Sources */,
				8949D6691AB2BBCC00DC2F66 /* SoundPlayer.swift in Sources */,
				8949D66B1AB2BBCC00DC2F66 /* SpringAnimation.swift in Sources */,
				8949D6741AB2BBCC00DC2F66 /* UnwindSegue.swift in Sources */,
				8949D6631AB2BBCC00DC2F66 /* ImageLoader.swift in Sources */,
			);
			runOnlyForDeploymentPostprocessing = 0;
		};
		8949D5B61AB2BAE400DC2F66 /* Sources */ = {
			isa = PBXSourcesBuildPhase;
			buildActionMask = 2147483647;
			files = (
				8949D5C11AB2BAE400DC2F66 /* SpringDemoTests.swift in Sources */,
			);
			runOnlyForDeploymentPostprocessing = 0;
		};
/* End PBXSourcesBuildPhase section */

/* Begin PBXTargetDependency section */
		8949D5BC1AB2BAE400DC2F66 /* PBXTargetDependency */ = {
			isa = PBXTargetDependency;
			target = 8949D5A41AB2BAE400DC2F66 /* SpringDemo */;
			targetProxy = 8949D5BB1AB2BAE400DC2F66 /* PBXContainerItemProxy */;
		};
/* End PBXTargetDependency section */

/* Begin PBXVariantGroup section */
		8949D5AE1AB2BAE400DC2F66 /* Main.storyboard */ = {
			isa = PBXVariantGroup;
			children = (
				8949D5AF1AB2BAE400DC2F66 /* Base */,
			);
			name = Main.storyboard;
			sourceTree = "<group>";
		};
		8949D5B31AB2BAE400DC2F66 /* LaunchScreen.xib */ = {
			isa = PBXVariantGroup;
			children = (
				8949D5B41AB2BAE400DC2F66 /* Base */,
			);
			name = LaunchScreen.xib;
			sourceTree = "<group>";
		};
/* End PBXVariantGroup section */

/* Begin XCBuildConfiguration section */
		8949D5C21AB2BAE400DC2F66 /* Debug */ = {
			isa = XCBuildConfiguration;
			buildSettings = {
				ALWAYS_SEARCH_USER_PATHS = NO;
				CLANG_CXX_LANGUAGE_STANDARD = "gnu++0x";
				CLANG_CXX_LIBRARY = "libc++";
				CLANG_ENABLE_MODULES = YES;
				CLANG_ENABLE_OBJC_ARC = YES;
				CLANG_WARN_BOOL_CONVERSION = YES;
				CLANG_WARN_CONSTANT_CONVERSION = YES;
				CLANG_WARN_DIRECT_OBJC_ISA_USAGE = YES_ERROR;
				CLANG_WARN_EMPTY_BODY = YES;
				CLANG_WARN_ENUM_CONVERSION = YES;
				CLANG_WARN_INT_CONVERSION = YES;
				CLANG_WARN_OBJC_ROOT_CLASS = YES_ERROR;
				CLANG_WARN_UNREACHABLE_CODE = YES;
				CLANG_WARN__DUPLICATE_METHOD_MATCH = YES;
				"CODE_SIGN_IDENTITY[sdk=iphoneos*]" = "iPhone Developer";
				COPY_PHASE_STRIP = NO;
				ENABLE_STRICT_OBJC_MSGSEND = YES;
				GCC_C_LANGUAGE_STANDARD = gnu99;
				GCC_DYNAMIC_NO_PIC = NO;
				GCC_OPTIMIZATION_LEVEL = 0;
				GCC_PREPROCESSOR_DEFINITIONS = (
					"DEBUG=1",
					"$(inherited)",
				);
				GCC_SYMBOLS_PRIVATE_EXTERN = NO;
				GCC_WARN_64_TO_32_BIT_CONVERSION = YES;
				GCC_WARN_ABOUT_RETURN_TYPE = YES_ERROR;
				GCC_WARN_UNDECLARED_SELECTOR = YES;
				GCC_WARN_UNINITIALIZED_AUTOS = YES_AGGRESSIVE;
				GCC_WARN_UNUSED_FUNCTION = YES;
				GCC_WARN_UNUSED_VARIABLE = YES;
				IPHONEOS_DEPLOYMENT_TARGET = 8.2;
				MTL_ENABLE_DEBUG_INFO = YES;
				ONLY_ACTIVE_ARCH = YES;
				SDKROOT = iphoneos;
				SWIFT_OPTIMIZATION_LEVEL = "-Onone";
			};
			name = Debug;
		};
		8949D5C31AB2BAE400DC2F66 /* Release */ = {
			isa = XCBuildConfiguration;
			buildSettings = {
				ALWAYS_SEARCH_USER_PATHS = NO;
				CLANG_CXX_LANGUAGE_STANDARD = "gnu++0x";
				CLANG_CXX_LIBRARY = "libc++";
				CLANG_ENABLE_MODULES = YES;
				CLANG_ENABLE_OBJC_ARC = YES;
				CLANG_WARN_BOOL_CONVERSION = YES;
				CLANG_WARN_CONSTANT_CONVERSION = YES;
				CLANG_WARN_DIRECT_OBJC_ISA_USAGE = YES_ERROR;
				CLANG_WARN_EMPTY_BODY = YES;
				CLANG_WARN_ENUM_CONVERSION = YES;
				CLANG_WARN_INT_CONVERSION = YES;
				CLANG_WARN_OBJC_ROOT_CLASS = YES_ERROR;
				CLANG_WARN_UNREACHABLE_CODE = YES;
				CLANG_WARN__DUPLICATE_METHOD_MATCH = YES;
				"CODE_SIGN_IDENTITY[sdk=iphoneos*]" = "iPhone Developer";
				COPY_PHASE_STRIP = NO;
				ENABLE_NS_ASSERTIONS = NO;
				ENABLE_STRICT_OBJC_MSGSEND = YES;
				GCC_C_LANGUAGE_STANDARD = gnu99;
				GCC_WARN_64_TO_32_BIT_CONVERSION = YES;
				GCC_WARN_ABOUT_RETURN_TYPE = YES_ERROR;
				GCC_WARN_UNDECLARED_SELECTOR = YES;
				GCC_WARN_UNINITIALIZED_AUTOS = YES_AGGRESSIVE;
				GCC_WARN_UNUSED_FUNCTION = YES;
				GCC_WARN_UNUSED_VARIABLE = YES;
				IPHONEOS_DEPLOYMENT_TARGET = 8.2;
				MTL_ENABLE_DEBUG_INFO = NO;
				SDKROOT = iphoneos;
				VALIDATE_PRODUCT = YES;
			};
			name = Release;
		};
		8949D5C51AB2BAE400DC2F66 /* Debug */ = {
			isa = XCBuildConfiguration;
			buildSettings = {
				ASSETCATALOG_COMPILER_APPICON_NAME = AppIcon;
				INFOPLIST_FILE = SpringDemo/Info.plist;
				LD_RUNPATH_SEARCH_PATHS = "$(inherited) @executable_path/Frameworks";
				PRODUCT_NAME = "$(TARGET_NAME)";
			};
			name = Debug;
		};
		8949D5C61AB2BAE400DC2F66 /* Release */ = {
			isa = XCBuildConfiguration;
			buildSettings = {
				ASSETCATALOG_COMPILER_APPICON_NAME = AppIcon;
				INFOPLIST_FILE = SpringDemo/Info.plist;
				LD_RUNPATH_SEARCH_PATHS = "$(inherited) @executable_path/Frameworks";
				PRODUCT_NAME = "$(TARGET_NAME)";
			};
			name = Release;
		};
		8949D5C81AB2BAE400DC2F66 /* Debug */ = {
			isa = XCBuildConfiguration;
			buildSettings = {
				BUNDLE_LOADER = "$(TEST_HOST)";
				FRAMEWORK_SEARCH_PATHS = (
					"$(SDKROOT)/Developer/Library/Frameworks",
					"$(inherited)",
				);
				GCC_PREPROCESSOR_DEFINITIONS = (
					"DEBUG=1",
					"$(inherited)",
				);
				INFOPLIST_FILE = SpringDemoTests/Info.plist;
				LD_RUNPATH_SEARCH_PATHS = "$(inherited) @executable_path/Frameworks @loader_path/Frameworks";
				PRODUCT_NAME = "$(TARGET_NAME)";
				TEST_HOST = "$(BUILT_PRODUCTS_DIR)/SpringDemo.app/SpringDemo";
			};
			name = Debug;
		};
		8949D5C91AB2BAE400DC2F66 /* Release */ = {
			isa = XCBuildConfiguration;
			buildSettings = {
				BUNDLE_LOADER = "$(TEST_HOST)";
				FRAMEWORK_SEARCH_PATHS = (
					"$(SDKROOT)/Developer/Library/Frameworks",
					"$(inherited)",
				);
				INFOPLIST_FILE = SpringDemoTests/Info.plist;
				LD_RUNPATH_SEARCH_PATHS = "$(inherited) @executable_path/Frameworks @loader_path/Frameworks";
				PRODUCT_NAME = "$(TARGET_NAME)";
				TEST_HOST = "$(BUILT_PRODUCTS_DIR)/SpringDemo.app/SpringDemo";
			};
			name = Release;
		};
/* End XCBuildConfiguration section */

/* Begin XCConfigurationList section */
		8949D5A01AB2BAE400DC2F66 /* Build configuration list for PBXProject "SpringDemo" */ = {
			isa = XCConfigurationList;
			buildConfigurations = (
				8949D5C21AB2BAE400DC2F66 /* Debug */,
				8949D5C31AB2BAE400DC2F66 /* Release */,
			);
			defaultConfigurationIsVisible = 0;
			defaultConfigurationName = Release;
		};
		8949D5C41AB2BAE400DC2F66 /* Build configuration list for PBXNativeTarget "SpringDemo" */ = {
			isa = XCConfigurationList;
			buildConfigurations = (
				8949D5C51AB2BAE400DC2F66 /* Debug */,
				8949D5C61AB2BAE400DC2F66 /* Release */,
			);
			defaultConfigurationIsVisible = 0;
		};
		8949D5C71AB2BAE400DC2F66 /* Build configuration list for PBXNativeTarget "SpringDemoTests" */ = {
			isa = XCConfigurationList;
			buildConfigurations = (
				8949D5C81AB2BAE400DC2F66 /* Debug */,
				8949D5C91AB2BAE400DC2F66 /* Release */,
			);
			defaultConfigurationIsVisible = 0;
		};
/* End XCConfigurationList section */
	};
	rootObject = 8949D59D1AB2BAE400DC2F66 /* Project object */;
}
