// !$*UTF8*$!
{
	archiveVersion = 1;
	classes = {
	};
	objectVersion = 46;
	objects = {

/* Begin PBXBuildFile section */
		4016ABED06827590C95078E1 /* Pods.framework in Frameworks */ = {isa = PBXBuildFile; fileRef = F2FA8FDE41FDB1E389634CA1 /* Pods.framework */; };
		892A0F0A1BE91C64004B094C /* AuthManager.swift in Sources */ = {isa = PBXBuildFile; fileRef = 892A0F091BE91C64004B094C /* AuthManager.swift */; };
		892A0F0D1BE9D3FE004B094C /* NetworkingTestViewController.swift in Sources */ = {isa = PBXBuildFile; fileRef = 892A0F0C1BE9D3FE004B094C /* NetworkingTestViewController.swift */; };
		892A0F0F1BE9D40A004B094C /* NetworkingTest.storyboard in Resources */ = {isa = PBXBuildFile; fileRef = 892A0F0E1BE9D40A004B094C /* NetworkingTest.storyboard */; };
		892A0F111BE9D959004B094C /* URLSessionTestViewController.swift in Sources */ = {isa = PBXBuildFile; fileRef = 892A0F101BE9D959004B094C /* URLSessionTestViewController.swift */; };
		892A0F131BEBE7B6004B094C /* URLSessionDelTestViewController.swift in Sources */ = {isa = PBXBuildFile; fileRef = 892A0F121BEBE7B6004B094C /* URLSessionDelTestViewController.swift */; };
		892A0F151BEC3516004B094C /* MyDownloader.swift in Sources */ = {isa = PBXBuildFile; fileRef = 892A0F141BEC3516004B094C /* MyDownloader.swift */; };
		892A0F171BED0488004B094C /* MultiImageViewController.swift in Sources */ = {isa = PBXBuildFile; fileRef = 892A0F161BED0488004B094C /* MultiImageViewController.swift */; };
		892A0F191BED7600004B094C /* CancellableTaskViewController.swift in Sources */ = {isa = PBXBuildFile; fileRef = 892A0F181BED7600004B094C /* CancellableTaskViewController.swift */; };
		8943C8D51BE3C66A0002314F /* MetalBell.wav in Resources */ = {isa = PBXBuildFile; fileRef = 8943C8D31BE3C66A0002314F /* MetalBell.wav */; };
		8943C8D61BE3C66A0002314F /* SoManyTimes.mp3 in Resources */ = {isa = PBXBuildFile; fileRef = 8943C8D41BE3C66A0002314F /* SoManyTimes.mp3 */; };
		895FE0E91C18AC200079F49A /* FoodWalkThrough.storyboard in Resources */ = {isa = PBXBuildFile; fileRef = 895FE0E81C18AC200079F49A /* FoodWalkThrough.storyboard */; };
		895FE0EB1C18AE4E0079F49A /* AboutFoodViewController.swift in Sources */ = {isa = PBXBuildFile; fileRef = 895FE0EA1C18AE4E0079F49A /* AboutFoodViewController.swift */; };
		895FE0ED1C18F9C10079F49A /* WebViewController.swift in Sources */ = {isa = PBXBuildFile; fileRef = 895FE0EC1C18F9C10079F49A /* WebViewController.swift */; };
		896308541BDAFDE1005AF4F8 /* AppDelegate.swift in Sources */ = {isa = PBXBuildFile; fileRef = 896308531BDAFDE1005AF4F8 /* AppDelegate.swift */; };
		896308561BDAFDE1005AF4F8 /* ViewController.swift in Sources */ = {isa = PBXBuildFile; fileRef = 896308551BDAFDE1005AF4F8 /* ViewController.swift */; };
		896308591BDAFDE1005AF4F8 /* Main.storyboard in Resources */ = {isa = PBXBuildFile; fileRef = 896308571BDAFDE1005AF4F8 /* Main.storyboard */; };
		8963085B1BDAFDE1005AF4F8 /* Assets.xcassets in Resources */ = {isa = PBXBuildFile; fileRef = 8963085A1BDAFDE1005AF4F8 /* Assets.xcassets */; };
		8963085E1BDAFDE1005AF4F8 /* LaunchScreen.storyboard in Resources */ = {isa = PBXBuildFile; fileRef = 8963085C1BDAFDE1005AF4F8 /* LaunchScreen.storyboard */; };
		896308671BDB04C1005AF4F8 /* keyboardScroll.storyboard in Resources */ = {isa = PBXBuildFile; fileRef = 896308661BDB04C1005AF4F8 /* keyboardScroll.storyboard */; };
		896308691BDB04E0005AF4F8 /* KeyboardScrollViewController.swift in Sources */ = {isa = PBXBuildFile; fileRef = 896308681BDB04E0005AF4F8 /* KeyboardScrollViewController.swift */; };
		8963086B1BDB0521005AF4F8 /* MenuItem.swift in Sources */ = {isa = PBXBuildFile; fileRef = 8963086A1BDB0521005AF4F8 /* MenuItem.swift */; };
		8963086D1BDB05EE005AF4F8 /* MenuModel.swift in Sources */ = {isa = PBXBuildFile; fileRef = 8963086C1BDB05EE005AF4F8 /* MenuModel.swift */; };
		8963086F1BDC1246005AF4F8 /* tableviewCB.storyboard in Resources */ = {isa = PBXBuildFile; fileRef = 8963086E1BDC1246005AF4F8 /* tableviewCB.storyboard */; };
		896308711BDC125D005AF4F8 /* TableViewCBViewController.swift in Sources */ = {isa = PBXBuildFile; fileRef = 896308701BDC125D005AF4F8 /* TableViewCBViewController.swift */; };
		896308751BDC17E0005AF4F8 /* CBTableViewCell.swift in Sources */ = {isa = PBXBuildFile; fileRef = 896308741BDC17E0005AF4F8 /* CBTableViewCell.swift */; };
		896308771BDC1FB8005AF4F8 /* TableCheckDetailViewController.swift in Sources */ = {isa = PBXBuildFile; fileRef = 896308761BDC1FB8005AF4F8 /* TableCheckDetailViewController.swift */; };
		8963087A1BDDB559005AF4F8 /* streamingPlayer.storyboard in Resources */ = {isa = PBXBuildFile; fileRef = 896308791BDDB559005AF4F8 /* streamingPlayer.storyboard */; };
		8963087C1BDDB567005AF4F8 /* streamingPlayerViewController.swift in Sources */ = {isa = PBXBuildFile; fileRef = 8963087B1BDDB567005AF4F8 /* streamingPlayerViewController.swift */; };
		8963087F1BDDF380005AF4F8 /* mySeekTime.swift in Sources */ = {isa = PBXBuildFile; fileRef = 8963087E1BDDF380005AF4F8 /* mySeekTime.swift */; };
		896308811BDF1008005AF4F8 /* customSlider.swift in Sources */ = {isa = PBXBuildFile; fileRef = 896308801BDF1008005AF4F8 /* customSlider.swift */; };
		896308841BE2D368005AF4F8 /* SSSViewController.swift in Sources */ = {isa = PBXBuildFile; fileRef = 896308831BE2D368005AF4F8 /* SSSViewController.swift */; };
		896308861BE2D372005AF4F8 /* SSS.storyboard in Resources */ = {isa = PBXBuildFile; fileRef = 896308851BE2D372005AF4F8 /* SSS.storyboard */; };
		896308891BE2D699005AF4F8 /* AudioToolbox.framework in Frameworks */ = {isa = PBXBuildFile; fileRef = 896308881BE2D699005AF4F8 /* AudioToolbox.framework */; };
		89657C881BE68C27006EA613 /* OAuth2Test.storyboard in Resources */ = {isa = PBXBuildFile; fileRef = 89657C871BE68C27006EA613 /* OAuth2Test.storyboard */; };
		89657C8A1BE68C36006EA613 /* OAuth2TestViewController.swift in Sources */ = {isa = PBXBuildFile; fileRef = 89657C891BE68C36006EA613 /* OAuth2TestViewController.swift */; };
		897A3DA21C0CFB86008E8A29 /* TVCC.storyboard in Resources */ = {isa = PBXBuildFile; fileRef = 897A3DA11C0CFB86008E8A29 /* TVCC.storyboard */; };
		897A3DA41C0CFB93008E8A29 /* TVCCViewController.swift in Sources */ = {isa = PBXBuildFile; fileRef = 897A3DA31C0CFB93008E8A29 /* TVCCViewController.swift */; };
		897A3DA61C0E8C2A008E8A29 /* RestaurantTableViewCell.swift in Sources */ = {isa = PBXBuildFile; fileRef = 897A3DA51C0E8C2A008E8A29 /* RestaurantTableViewCell.swift */; };
		897A3DA81C11439A008E8A29 /* RestaurantDetailsViewController.swift in Sources */ = {isa = PBXBuildFile; fileRef = 897A3DA71C11439A008E8A29 /* RestaurantDetailsViewController.swift */; };
		897A3DAA1C1145C4008E8A29 /* Restaurant.swift in Sources */ = {isa = PBXBuildFile; fileRef = 897A3DA91C1145C4008E8A29 /* Restaurant.swift */; };
		897A3DAC1C116763008E8A29 /* RestaurantDetailCellTableViewCell.swift in Sources */ = {isa = PBXBuildFile; fileRef = 897A3DAB1C116763008E8A29 /* RestaurantDetailCellTableViewCell.swift */; };
		897A3DAE1C127D0E008E8A29 /* RatingsViewController.swift in Sources */ = {isa = PBXBuildFile; fileRef = 897A3DAD1C127D0E008E8A29 /* RatingsViewController.swift */; };
		897A3DB01C129C72008E8A29 /* MapKit.framework in Frameworks */ = {isa = PBXBuildFile; fileRef = 897A3DAF1C129C72008E8A29 /* MapKit.framework */; };
		897A3DB21C12AF0D008E8A29 /* RestaurantMapViewController.swift in Sources */ = {isa = PBXBuildFile; fileRef = 897A3DB11C12AF0D008E8A29 /* RestaurantMapViewController.swift */; };
		897A3DB41C1375CB008E8A29 /* NewRestaurantTableViewController.swift in Sources */ = {isa = PBXBuildFile; fileRef = 897A3DB31C1375CB008E8A29 /* NewRestaurantTableViewController.swift */; };
		897A3DB71C141D8C008E8A29 /* FoodPin.xcdatamodeld in Sources */ = {isa = PBXBuildFile; fileRef = 897A3DB51C141D8C008E8A29 /* FoodPin.xcdatamodeld */; };
		897A3DB91C18048E008E8A29 /* WalkthroughContentViewController.swift in Sources */ = {isa = PBXBuildFile; fileRef = 897A3DB81C18048E008E8A29 /* WalkthroughContentViewController.swift */; };
		897A3DBB1C1805FB008E8A29 /* WalkthroughPageViewController.swift in Sources */ = {isa = PBXBuildFile; fileRef = 897A3DBA1C1805FB008E8A29 /* WalkthroughPageViewController.swift */; };
		89C312161BEEEDB1002896F8 /* TableViewImageViewController.swift in Sources */ = {isa = PBXBuildFile; fileRef = 89C312151BEEEDB1002896F8 /* TableViewImageViewController.swift */; };
		89F5DA741C0BDEF900A805A5 /* SVDemo.storyboard in Resources */ = {isa = PBXBuildFile; fileRef = 89F5DA731C0BDEF900A805A5 /* SVDemo.storyboard */; };
		89F5DA761C0BDF7200A805A5 /* SVDemoViewController.swift in Sources */ = {isa = PBXBuildFile; fileRef = 89F5DA751C0BDF7200A805A5 /* SVDemoViewController.swift */; };
/* End PBXBuildFile section */

/* Begin PBXFileReference section */
		1F324DE8C8841B0AE593A5FC /* Pods.debug.xcconfig */ = {isa = PBXFileReference; includeInIndex = 1; lastKnownFileType = text.xcconfig; name = Pods.debug.xcconfig; path = "Pods/Target Support Files/Pods/Pods.debug.xcconfig"; sourceTree = "<group>"; };
		892A0F091BE91C64004B094C /* AuthManager.swift */ = {isa = PBXFileReference; fileEncoding = 4; lastKnownFileType = sourcecode.swift; path = AuthManager.swift; sourceTree = "<group>"; };
		892A0F0C1BE9D3FE004B094C /* NetworkingTestViewController.swift */ = {isa = PBXFileReference; fileEncoding = 4; lastKnownFileType = sourcecode.swift; path = NetworkingTestViewController.swift; sourceTree = "<group>"; };
		892A0F0E1BE9D40A004B094C /* NetworkingTest.storyboard */ = {isa = PBXFileReference; fileEncoding = 4; lastKnownFileType = file.storyboard; path = NetworkingTest.storyboard; sourceTree = "<group>"; };
		892A0F101BE9D959004B094C /* URLSessionTestViewController.swift */ = {isa = PBXFileReference; fileEncoding = 4; lastKnownFileType = sourcecode.swift; path = URLSessionTestViewController.swift; sourceTree = "<group>"; };
		892A0F121BEBE7B6004B094C /* URLSessionDelTestViewController.swift */ = {isa = PBXFileReference; fileEncoding = 4; lastKnownFileType = sourcecode.swift; path = URLSessionDelTestViewController.swift; sourceTree = "<group>"; };
		892A0F141BEC3516004B094C /* MyDownloader.swift */ = {isa = PBXFileReference; fileEncoding = 4; lastKnownFileType = sourcecode.swift; path = MyDownloader.swift; sourceTree = "<group>"; };
		892A0F161BED0488004B094C /* MultiImageViewController.swift */ = {isa = PBXFileReference; fileEncoding = 4; lastKnownFileType = sourcecode.swift; path = MultiImageViewController.swift; sourceTree = "<group>"; };
		892A0F181BED7600004B094C /* CancellableTaskViewController.swift */ = {isa = PBXFileReference; fileEncoding = 4; lastKnownFileType = sourcecode.swift; path = CancellableTaskViewController.swift; sourceTree = "<group>"; };
		8943C8D31BE3C66A0002314F /* MetalBell.wav */ = {isa = PBXFileReference; lastKnownFileType = audio.wav; path = MetalBell.wav; sourceTree = "<group>"; };
		8943C8D41BE3C66A0002314F /* SoManyTimes.mp3 */ = {isa = PBXFileReference; lastKnownFileType = audio.mp3; path = SoManyTimes.mp3; sourceTree = "<group>"; };
		895FE0E81C18AC200079F49A /* FoodWalkThrough.storyboard */ = {isa = PBXFileReference; fileEncoding = 4; lastKnownFileType = file.storyboard; path = FoodWalkThrough.storyboard; sourceTree = "<group>"; };
		895FE0EA1C18AE4E0079F49A /* AboutFoodViewController.swift */ = {isa = PBXFileReference; fileEncoding = 4; lastKnownFileType = sourcecode.swift; path = AboutFoodViewController.swift; sourceTree = "<group>"; };
		895FE0EC1C18F9C10079F49A /* WebViewController.swift */ = {isa = PBXFileReference; fileEncoding = 4; lastKnownFileType = sourcecode.swift; path = WebViewController.swift; sourceTree = "<group>"; };
		896308501BDAFDE1005AF4F8 /* StackOverFlowAnswers.app */ = {isa = PBXFileReference; explicitFileType = wrapper.application; includeInIndex = 0; path = StackOverFlowAnswers.app; sourceTree = BUILT_PRODUCTS_DIR; };
		896308531BDAFDE1005AF4F8 /* AppDelegate.swift */ = {isa = PBXFileReference; lastKnownFileType = sourcecode.swift; path = AppDelegate.swift; sourceTree = "<group>"; };
		896308551BDAFDE1005AF4F8 /* ViewController.swift */ = {isa = PBXFileReference; lastKnownFileType = sourcecode.swift; path = ViewController.swift; sourceTree = "<group>"; };
		896308581BDAFDE1005AF4F8 /* Base */ = {isa = PBXFileReference; lastKnownFileType = file.storyboard; name = Base; path = Base.lproj/Main.storyboard; sourceTree = "<group>"; };
		8963085A1BDAFDE1005AF4F8 /* Assets.xcassets */ = {isa = PBXFileReference; lastKnownFileType = folder.assetcatalog; path = Assets.xcassets; sourceTree = "<group>"; };
		8963085D1BDAFDE1005AF4F8 /* Base */ = {isa = PBXFileReference; lastKnownFileType = file.storyboard; name = Base; path = Base.lproj/LaunchScreen.storyboard; sourceTree = "<group>"; };
		8963085F1BDAFDE1005AF4F8 /* Info.plist */ = {isa = PBXFileReference; lastKnownFileType = text.plist.xml; path = Info.plist; sourceTree = "<group>"; };
		896308661BDB04C1005AF4F8 /* keyboardScroll.storyboard */ = {isa = PBXFileReference; fileEncoding = 4; lastKnownFileType = file.storyboard; path = keyboardScroll.storyboard; sourceTree = "<group>"; };
		896308681BDB04E0005AF4F8 /* KeyboardScrollViewController.swift */ = {isa = PBXFileReference; fileEncoding = 4; lastKnownFileType = sourcecode.swift; path = KeyboardScrollViewController.swift; sourceTree = "<group>"; };
		8963086A1BDB0521005AF4F8 /* MenuItem.swift */ = {isa = PBXFileReference; fileEncoding = 4; lastKnownFileType = sourcecode.swift; path = MenuItem.swift; sourceTree = "<group>"; };
		8963086C1BDB05EE005AF4F8 /* MenuModel.swift */ = {isa = PBXFileReference; fileEncoding = 4; lastKnownFileType = sourcecode.swift; path = MenuModel.swift; sourceTree = "<group>"; };
		8963086E1BDC1246005AF4F8 /* tableviewCB.storyboard */ = {isa = PBXFileReference; fileEncoding = 4; lastKnownFileType = file.storyboard; path = tableviewCB.storyboard; sourceTree = "<group>"; };
		896308701BDC125D005AF4F8 /* TableViewCBViewController.swift */ = {isa = PBXFileReference; fileEncoding = 4; lastKnownFileType = sourcecode.swift; path = TableViewCBViewController.swift; sourceTree = "<group>"; };
		896308741BDC17E0005AF4F8 /* CBTableViewCell.swift */ = {isa = PBXFileReference; fileEncoding = 4; lastKnownFileType = sourcecode.swift; path = CBTableViewCell.swift; sourceTree = "<group>"; };
		896308761BDC1FB8005AF4F8 /* TableCheckDetailViewController.swift */ = {isa = PBXFileReference; fileEncoding = 4; lastKnownFileType = sourcecode.swift; path = TableCheckDetailViewController.swift; sourceTree = "<group>"; };
		896308791BDDB559005AF4F8 /* streamingPlayer.storyboard */ = {isa = PBXFileReference; fileEncoding = 4; lastKnownFileType = file.storyboard; path = streamingPlayer.storyboard; sourceTree = "<group>"; };
		8963087B1BDDB567005AF4F8 /* streamingPlayerViewController.swift */ = {isa = PBXFileReference; fileEncoding = 4; lastKnownFileType = sourcecode.swift; path = streamingPlayerViewController.swift; sourceTree = "<group>"; };
		8963087E1BDDF380005AF4F8 /* mySeekTime.swift */ = {isa = PBXFileReference; fileEncoding = 4; lastKnownFileType = sourcecode.swift; path = mySeekTime.swift; sourceTree = "<group>"; };
		896308801BDF1008005AF4F8 /* customSlider.swift */ = {isa = PBXFileReference; fileEncoding = 4; lastKnownFileType = sourcecode.swift; path = customSlider.swift; sourceTree = "<group>"; };
		896308831BE2D368005AF4F8 /* SSSViewController.swift */ = {isa = PBXFileReference; fileEncoding = 4; lastKnownFileType = sourcecode.swift; path = SSSViewController.swift; sourceTree = "<group>"; };
		896308851BE2D372005AF4F8 /* SSS.storyboard */ = {isa = PBXFileReference; fileEncoding = 4; lastKnownFileType = file.storyboard; path = SSS.storyboard; sourceTree = "<group>"; };
		896308881BE2D699005AF4F8 /* AudioToolbox.framework */ = {isa = PBXFileReference; lastKnownFileType = wrapper.framework; name = AudioToolbox.framework; path = System/Library/Frameworks/AudioToolbox.framework; sourceTree = SDKROOT; };
		89657C871BE68C27006EA613 /* OAuth2Test.storyboard */ = {isa = PBXFileReference; fileEncoding = 4; lastKnownFileType = file.storyboard; path = OAuth2Test.storyboard; sourceTree = "<group>"; };
		89657C891BE68C36006EA613 /* OAuth2TestViewController.swift */ = {isa = PBXFileReference; fileEncoding = 4; lastKnownFileType = sourcecode.swift; path = OAuth2TestViewController.swift; sourceTree = "<group>"; };
		897A3DA11C0CFB86008E8A29 /* TVCC.storyboard */ = {isa = PBXFileReference; fileEncoding = 4; lastKnownFileType = file.storyboard; path = TVCC.storyboard; sourceTree = "<group>"; };
		897A3DA31C0CFB93008E8A29 /* TVCCViewController.swift */ = {isa = PBXFileReference; fileEncoding = 4; lastKnownFileType = sourcecode.swift; path = TVCCViewController.swift; sourceTree = "<group>"; };
		897A3DA51C0E8C2A008E8A29 /* RestaurantTableViewCell.swift */ = {isa = PBXFileReference; fileEncoding = 4; lastKnownFileType = sourcecode.swift; path = RestaurantTableViewCell.swift; sourceTree = "<group>"; };
		897A3DA71C11439A008E8A29 /* RestaurantDetailsViewController.swift */ = {isa = PBXFileReference; fileEncoding = 4; lastKnownFileType = sourcecode.swift; path = RestaurantDetailsViewController.swift; sourceTree = "<group>"; };
		897A3DA91C1145C4008E8A29 /* Restaurant.swift */ = {isa = PBXFileReference; fileEncoding = 4; lastKnownFileType = sourcecode.swift; path = Restaurant.swift; sourceTree = "<group>"; };
		897A3DAB1C116763008E8A29 /* RestaurantDetailCellTableViewCell.swift */ = {isa = PBXFileReference; fileEncoding = 4; lastKnownFileType = sourcecode.swift; path = RestaurantDetailCellTableViewCell.swift; sourceTree = "<group>"; };
		897A3DAD1C127D0E008E8A29 /* RatingsViewController.swift */ = {isa = PBXFileReference; fileEncoding = 4; lastKnownFileType = sourcecode.swift; path = RatingsViewController.swift; sourceTree = "<group>"; };
		897A3DAF1C129C72008E8A29 /* MapKit.framework */ = {isa = PBXFileReference; lastKnownFileType = wrapper.framework; name = MapKit.framework; path = System/Library/Frameworks/MapKit.framework; sourceTree = SDKROOT; };
		897A3DB11C12AF0D008E8A29 /* RestaurantMapViewController.swift */ = {isa = PBXFileReference; fileEncoding = 4; lastKnownFileType = sourcecode.swift; path = RestaurantMapViewController.swift; sourceTree = "<group>"; };
		897A3DB31C1375CB008E8A29 /* NewRestaurantTableViewController.swift */ = {isa = PBXFileReference; fileEncoding = 4; lastKnownFileType = sourcecode.swift; path = NewRestaurantTableViewController.swift; sourceTree = "<group>"; };
		897A3DB61C141D8C008E8A29 /* FoodPin.xcdatamodel */ = {isa = PBXFileReference; lastKnownFileType = wrapper.xcdatamodel; path = FoodPin.xcdatamodel; sourceTree = "<group>"; };
		897A3DB81C18048E008E8A29 /* WalkthroughContentViewController.swift */ = {isa = PBXFileReference; fileEncoding = 4; lastKnownFileType = sourcecode.swift; path = WalkthroughContentViewController.swift; sourceTree = "<group>"; };
		897A3DBA1C1805FB008E8A29 /* WalkthroughPageViewController.swift */ = {isa = PBXFileReference; fileEncoding = 4; lastKnownFileType = sourcecode.swift; path = WalkthroughPageViewController.swift; sourceTree = "<group>"; };
		89C312151BEEEDB1002896F8 /* TableViewImageViewController.swift */ = {isa = PBXFileReference; fileEncoding = 4; lastKnownFileType = sourcecode.swift; path = TableViewImageViewController.swift; sourceTree = "<group>"; };
		89F5A5EF1BE82E6D008A132D /* StackOverFlowAnswers-Bridging-Header.h */ = {isa = PBXFileReference; lastKnownFileType = sourcecode.c.h; path = "StackOverFlowAnswers-Bridging-Header.h"; sourceTree = "<group>"; };
		89F5DA731C0BDEF900A805A5 /* SVDemo.storyboard */ = {isa = PBXFileReference; fileEncoding = 4; lastKnownFileType = file.storyboard; path = SVDemo.storyboard; sourceTree = "<group>"; };
		89F5DA751C0BDF7200A805A5 /* SVDemoViewController.swift */ = {isa = PBXFileReference; fileEncoding = 4; lastKnownFileType = sourcecode.swift; path = SVDemoViewController.swift; sourceTree = "<group>"; };
		906811551A51F727E36C931E /* Pods.release.xcconfig */ = {isa = PBXFileReference; includeInIndex = 1; lastKnownFileType = text.xcconfig; name = Pods.release.xcconfig; path = "Pods/Target Support Files/Pods/Pods.release.xcconfig"; sourceTree = "<group>"; };
		F2FA8FDE41FDB1E389634CA1 /* Pods.framework */ = {isa = PBXFileReference; explicitFileType = wrapper.framework; includeInIndex = 0; path = Pods.framework; sourceTree = BUILT_PRODUCTS_DIR; };
/* End PBXFileReference section */

/* Begin PBXFrameworksBuildPhase section */
		8963084D1BDAFDE1005AF4F8 /* Frameworks */ = {
			isa = PBXFrameworksBuildPhase;
			buildActionMask = 2147483647;
			files = (
				896308891BE2D699005AF4F8 /* AudioToolbox.framework in Frameworks */,
				897A3DB01C129C72008E8A29 /* MapKit.framework in Frameworks */,
				4016ABED06827590C95078E1 /* Pods.framework in Frameworks */,
			);
			runOnlyForDeploymentPostprocessing = 0;
		};
/* End PBXFrameworksBuildPhase section */

/* Begin PBXGroup section */
		45726B908FEC6B2E6B743051 /* Frameworks */ = {
			isa = PBXGroup;
			children = (
				897A3DAF1C129C72008E8A29 /* MapKit.framework */,
				F2FA8FDE41FDB1E389634CA1 /* Pods.framework */,
			);
			name = Frameworks;
			sourceTree = "<group>";
		};
		7C791E01A02F00C1C37CCB0E /* Pods */ = {
			isa = PBXGroup;
			children = (
				1F324DE8C8841B0AE593A5FC /* Pods.debug.xcconfig */,
				906811551A51F727E36C931E /* Pods.release.xcconfig */,
			);
			name = Pods;
			sourceTree = "<group>";
		};
		892A0F0B1BE9D3DA004B094C /* NetworkingTests */ = {
			isa = PBXGroup;
			children = (
				892A0F0C1BE9D3FE004B094C /* NetworkingTestViewController.swift */,
				892A0F0E1BE9D40A004B094C /* NetworkingTest.storyboard */,
				892A0F101BE9D959004B094C /* URLSessionTestViewController.swift */,
				892A0F121BEBE7B6004B094C /* URLSessionDelTestViewController.swift */,
				892A0F141BEC3516004B094C /* MyDownloader.swift */,
				892A0F161BED0488004B094C /* MultiImageViewController.swift */,
				892A0F181BED7600004B094C /* CancellableTaskViewController.swift */,
				89C312151BEEEDB1002896F8 /* TableViewImageViewController.swift */,
			);
			name = NetworkingTests;
			sourceTree = "<group>";
		};
		896308471BDAFDE1005AF4F8 = {
			isa = PBXGroup;
			children = (
				896308521BDAFDE1005AF4F8 /* StackOverFlowAnswers */,
				896308511BDAFDE1005AF4F8 /* Products */,
				7C791E01A02F00C1C37CCB0E /* Pods */,
				45726B908FEC6B2E6B743051 /* Frameworks */,
			);
			sourceTree = "<group>";
		};
		896308511BDAFDE1005AF4F8 /* Products */ = {
			isa = PBXGroup;
			children = (
				896308501BDAFDE1005AF4F8 /* StackOverFlowAnswers.app */,
			);
			name = Products;
			sourceTree = "<group>";
		};
		896308521BDAFDE1005AF4F8 /* StackOverFlowAnswers */ = {
			isa = PBXGroup;
			children = (
				896308871BE2D679005AF4F8 /* Frameworks */,
				896308531BDAFDE1005AF4F8 /* AppDelegate.swift */,
				8963086C1BDB05EE005AF4F8 /* MenuModel.swift */,
				8963086A1BDB0521005AF4F8 /* MenuItem.swift */,
				896308651BDB04AC005AF4F8 /* problems */,
				896308551BDAFDE1005AF4F8 /* ViewController.swift */,
				896308571BDAFDE1005AF4F8 /* Main.storyboard */,
				8963085A1BDAFDE1005AF4F8 /* Assets.xcassets */,
				8963085C1BDAFDE1005AF4F8 /* LaunchScreen.storyboard */,
				8963085F1BDAFDE1005AF4F8 /* Info.plist */,
				8943C8D31BE3C66A0002314F /* MetalBell.wav */,
				8943C8D41BE3C66A0002314F /* SoManyTimes.mp3 */,
				89F5A5EF1BE82E6D008A132D /* StackOverFlowAnswers-Bridging-Header.h */,
			);
			path = StackOverFlowAnswers;
			sourceTree = "<group>";
		};
		896308651BDB04AC005AF4F8 /* problems */ = {
			isa = PBXGroup;
			children = (
				897A3DA01C0CFB4B008E8A29 /* TableViewCustomCellTest */,
				89F5DA721C0BDED200A805A5 /* StackViewDemo */,
				892A0F0B1BE9D3DA004B094C /* NetworkingTests */,
				89657C861BE68C14006EA613 /* OAuth2Test */,
				896308821BE26DA7005AF4F8 /* SystemSoundServiceTest */,
				896308721BDC1791005AF4F8 /* KeyboardScrollUp */,
				896308731BDC179E005AF4F8 /* Tableviewcheckbox */,
				8963087D1BDDB56C005AF4F8 /* Streaming */,
			);
			path = problems;
			sourceTree = "<group>";
		};
		896308721BDC1791005AF4F8 /* KeyboardScrollUp */ = {
			isa = PBXGroup;
			children = (
				896308661BDB04C1005AF4F8 /* keyboardScroll.storyboard */,
				896308681BDB04E0005AF4F8 /* KeyboardScrollViewController.swift */,
			);
			name = KeyboardScrollUp;
			sourceTree = "<group>";
		};
		896308731BDC179E005AF4F8 /* Tableviewcheckbox */ = {
			isa = PBXGroup;
			children = (
				8963086E1BDC1246005AF4F8 /* tableviewCB.storyboard */,
				896308701BDC125D005AF4F8 /* TableViewCBViewController.swift */,
				896308741BDC17E0005AF4F8 /* CBTableViewCell.swift */,
				896308761BDC1FB8005AF4F8 /* TableCheckDetailViewController.swift */,
			);
			name = Tableviewcheckbox;
			sourceTree = "<group>";
		};
		8963087D1BDDB56C005AF4F8 /* Streaming */ = {
			isa = PBXGroup;
			children = (
				896308791BDDB559005AF4F8 /* streamingPlayer.storyboard */,
				8963087B1BDDB567005AF4F8 /* streamingPlayerViewController.swift */,
				8963087E1BDDF380005AF4F8 /* mySeekTime.swift */,
				896308801BDF1008005AF4F8 /* customSlider.swift */,
			);
			name = Streaming;
			sourceTree = "<group>";
		};
		896308821BE26DA7005AF4F8 /* SystemSoundServiceTest */ = {
			isa = PBXGroup;
			children = (
				896308831BE2D368005AF4F8 /* SSSViewController.swift */,
				896308851BE2D372005AF4F8 /* SSS.storyboard */,
			);
			name = SystemSoundServiceTest;
			sourceTree = "<group>";
		};
		896308871BE2D679005AF4F8 /* Frameworks */ = {
			isa = PBXGroup;
			children = (
				896308881BE2D699005AF4F8 /* AudioToolbox.framework */,
			);
			name = Frameworks;
			sourceTree = "<group>";
		};
		89657C861BE68C14006EA613 /* OAuth2Test */ = {
			isa = PBXGroup;
			children = (
				89657C871BE68C27006EA613 /* OAuth2Test.storyboard */,
				89657C891BE68C36006EA613 /* OAuth2TestViewController.swift */,
				892A0F091BE91C64004B094C /* AuthManager.swift */,
			);
			name = OAuth2Test;
			sourceTree = "<group>";
		};
		897A3DA01C0CFB4B008E8A29 /* TableViewCustomCellTest */ = {
			isa = PBXGroup;
			children = (
				897A3DA11C0CFB86008E8A29 /* TVCC.storyboard */,
				895FE0E81C18AC200079F49A /* FoodWalkThrough.storyboard */,
				897A3DA31C0CFB93008E8A29 /* TVCCViewController.swift */,
				897A3DA51C0E8C2A008E8A29 /* RestaurantTableViewCell.swift */,
				897A3DA71C11439A008E8A29 /* RestaurantDetailsViewController.swift */,
				897A3DA91C1145C4008E8A29 /* Restaurant.swift */,
				897A3DAB1C116763008E8A29 /* RestaurantDetailCellTableViewCell.swift */,
				897A3DAD1C127D0E008E8A29 /* RatingsViewController.swift */,
				897A3DB11C12AF0D008E8A29 /* RestaurantMapViewController.swift */,
				897A3DB31C1375CB008E8A29 /* NewRestaurantTableViewController.swift */,
				897A3DB51C141D8C008E8A29 /* FoodPin.xcdatamodeld */,
				897A3DB81C18048E008E8A29 /* WalkthroughContentViewController.swift */,
				897A3DBA1C1805FB008E8A29 /* WalkthroughPageViewController.swift */,
				895FE0EA1C18AE4E0079F49A /* AboutFoodViewController.swift */,
				895FE0EC1C18F9C10079F49A /* WebViewController.swift */,
			);
			name = TableViewCustomCellTest;
			sourceTree = "<group>";
		};
		89F5DA721C0BDED200A805A5 /* StackViewDemo */ = {
			isa = PBXGroup;
			children = (
				89F5DA731C0BDEF900A805A5 /* SVDemo.storyboard */,
				89F5DA751C0BDF7200A805A5 /* SVDemoViewController.swift */,
			);
			name = StackViewDemo;
			sourceTree = "<group>";
		};
/* End PBXGroup section */

/* Begin PBXNativeTarget section */
		8963084F1BDAFDE1005AF4F8 /* StackOverFlowAnswers */ = {
			isa = PBXNativeTarget;
			buildConfigurationList = 896308621BDAFDE1005AF4F8 /* Build configuration list for PBXNativeTarget "StackOverFlowAnswers" */;
			buildPhases = (
				0C78F9CBDE8C72EDA67310F2 /* Check Pods Manifest.lock */,
				8963084C1BDAFDE1005AF4F8 /* Sources */,
				8963084D1BDAFDE1005AF4F8 /* Frameworks */,
				8963084E1BDAFDE1005AF4F8 /* Resources */,
				70D83CCCCC8A6CC77540BB9B /* Embed Pods Frameworks */,
				C7BAEB02C7E1E9626DE712B8 /* Copy Pods Resources */,
			);
			buildRules = (
			);
			dependencies = (
			);
			name = StackOverFlowAnswers;
			productName = StackOverFlowAnswers;
			productReference = 896308501BDAFDE1005AF4F8 /* StackOverFlowAnswers.app */;
			productType = "com.apple.product-type.application";
		};
/* End PBXNativeTarget section */

/* Begin PBXProject section */
		896308481BDAFDE1005AF4F8 /* Project object */ = {
			isa = PBXProject;
			attributes = {
				LastSwiftUpdateCheck = 0710;
				LastUpgradeCheck = 0710;
				ORGANIZATIONNAME = "Anoop tomar";
				TargetAttributes = {
					8963084F1BDAFDE1005AF4F8 = {
						CreatedOnToolsVersion = 7.1;
						SystemCapabilities = {
							com.apple.BackgroundModes = {
								enabled = 1;
							};
							com.apple.Maps.iOS = {
								enabled = 1;
							};
						};
					};
				};
			};
			buildConfigurationList = 8963084B1BDAFDE1005AF4F8 /* Build configuration list for PBXProject "StackOverFlowAnswers" */;
			compatibilityVersion = "Xcode 3.2";
			developmentRegion = English;
			hasScannedForEncodings = 0;
			knownRegions = (
				en,
				Base,
			);
			mainGroup = 896308471BDAFDE1005AF4F8;
			productRefGroup = 896308511BDAFDE1005AF4F8 /* Products */;
			projectDirPath = "";
			projectRoot = "";
			targets = (
				8963084F1BDAFDE1005AF4F8 /* StackOverFlowAnswers */,
			);
		};
/* End PBXProject section */

/* Begin PBXResourcesBuildPhase section */
		8963084E1BDAFDE1005AF4F8 /* Resources */ = {
			isa = PBXResourcesBuildPhase;
			buildActionMask = 2147483647;
			files = (
				896308861BE2D372005AF4F8 /* SSS.storyboard in Resources */,
				897A3DA21C0CFB86008E8A29 /* TVCC.storyboard in Resources */,
				896308671BDB04C1005AF4F8 /* keyboardScroll.storyboard in Resources */,
				8963085E1BDAFDE1005AF4F8 /* LaunchScreen.storyboard in Resources */,
				892A0F0F1BE9D40A004B094C /* NetworkingTest.storyboard in Resources */,
				89657C881BE68C27006EA613 /* OAuth2Test.storyboard in Resources */,
				8943C8D51BE3C66A0002314F /* MetalBell.wav in Resources */,
				8963087A1BDDB559005AF4F8 /* streamingPlayer.storyboard in Resources */,
				8963085B1BDAFDE1005AF4F8 /* Assets.xcassets in Resources */,
				895FE0E91C18AC200079F49A /* FoodWalkThrough.storyboard in Resources */,
				8943C8D61BE3C66A0002314F /* SoManyTimes.mp3 in Resources */,
				8963086F1BDC1246005AF4F8 /* tableviewCB.storyboard in Resources */,
				89F5DA741C0BDEF900A805A5 /* SVDemo.storyboard in Resources */,
				896308591BDAFDE1005AF4F8 /* Main.storyboard in Resources */,
			);
			runOnlyForDeploymentPostprocessing = 0;
		};
/* End PBXResourcesBuildPhase section */

/* Begin PBXShellScriptBuildPhase section */
		0C78F9CBDE8C72EDA67310F2 /* Check Pods Manifest.lock */ = {
			isa = PBXShellScriptBuildPhase;
			buildActionMask = 2147483647;
			files = (
			);
			inputPaths = (
			);
			name = "Check Pods Manifest.lock";
			outputPaths = (
			);
			runOnlyForDeploymentPostprocessing = 0;
			shellPath = /bin/sh;
			shellScript = "diff \"${PODS_ROOT}/../Podfile.lock\" \"${PODS_ROOT}/Manifest.lock\" > /dev/null\nif [[ $? != 0 ]] ; then\n    cat << EOM\nerror: The sandbox is not in sync with the Podfile.lock. Run 'pod install' or update your CocoaPods installation.\nEOM\n    exit 1\nfi\n";
			showEnvVarsInLog = 0;
		};
		70D83CCCCC8A6CC77540BB9B /* Embed Pods Frameworks */ = {
			isa = PBXShellScriptBuildPhase;
			buildActionMask = 2147483647;
			files = (
			);
			inputPaths = (
			);
			name = "Embed Pods Frameworks";
			outputPaths = (
			);
			runOnlyForDeploymentPostprocessing = 0;
			shellPath = /bin/sh;
			shellScript = "\"${SRCROOT}/Pods/Target Support Files/Pods/Pods-frameworks.sh\"\n";
			showEnvVarsInLog = 0;
		};
		C7BAEB02C7E1E9626DE712B8 /* Copy Pods Resources */ = {
			isa = PBXShellScriptBuildPhase;
			buildActionMask = 2147483647;
			files = (
			);
			inputPaths = (
			);
			name = "Copy Pods Resources";
			outputPaths = (
			);
			runOnlyForDeploymentPostprocessing = 0;
			shellPath = /bin/sh;
			shellScript = "\"${SRCROOT}/Pods/Target Support Files/Pods/Pods-resources.sh\"\n";
			showEnvVarsInLog = 0;
		};
/* End PBXShellScriptBuildPhase section */

/* Begin PBXSourcesBuildPhase section */
		8963084C1BDAFDE1005AF4F8 /* Sources */ = {
			isa = PBXSourcesBuildPhase;
			buildActionMask = 2147483647;
			files = (
				897A3DAA1C1145C4008E8A29 /* Restaurant.swift in Sources */,
				8963087F1BDDF380005AF4F8 /* mySeekTime.swift in Sources */,
				897A3DB71C141D8C008E8A29 /* FoodPin.xcdatamodeld in Sources */,
				892A0F0A1BE91C64004B094C /* AuthManager.swift in Sources */,
				892A0F151BEC3516004B094C /* MyDownloader.swift in Sources */,
				896308691BDB04E0005AF4F8 /* KeyboardScrollViewController.swift in Sources */,
				897A3DA61C0E8C2A008E8A29 /* RestaurantTableViewCell.swift in Sources */,
				896308711BDC125D005AF4F8 /* TableViewCBViewController.swift in Sources */,
				897A3DA81C11439A008E8A29 /* RestaurantDetailsViewController.swift in Sources */,
				896308811BDF1008005AF4F8 /* customSlider.swift in Sources */,
				897A3DAE1C127D0E008E8A29 /* RatingsViewController.swift in Sources */,
				897A3DB91C18048E008E8A29 /* WalkthroughContentViewController.swift in Sources */,
				892A0F171BED0488004B094C /* MultiImageViewController.swift in Sources */,
				8963086B1BDB0521005AF4F8 /* MenuItem.swift in Sources */,
				8963086D1BDB05EE005AF4F8 /* MenuModel.swift in Sources */,
				897A3DBB1C1805FB008E8A29 /* WalkthroughPageViewController.swift in Sources */,
				897A3DB21C12AF0D008E8A29 /* RestaurantMapViewController.swift in Sources */,
				896308561BDAFDE1005AF4F8 /* ViewController.swift in Sources */,
				895FE0ED1C18F9C10079F49A /* WebViewController.swift in Sources */,
				89F5DA761C0BDF7200A805A5 /* SVDemoViewController.swift in Sources */,
				892A0F191BED7600004B094C /* CancellableTaskViewController.swift in Sources */,
				892A0F0D1BE9D3FE004B094C /* NetworkingTestViewController.swift in Sources */,
				896308541BDAFDE1005AF4F8 /* AppDelegate.swift in Sources */,
				8963087C1BDDB567005AF4F8 /* streamingPlayerViewController.swift in Sources */,
				897A3DAC1C116763008E8A29 /* RestaurantDetailCellTableViewCell.swift in Sources */,
				895FE0EB1C18AE4E0079F49A /* AboutFoodViewController.swift in Sources */,
				89C312161BEEEDB1002896F8 /* TableViewImageViewController.swift in Sources */,
				896308751BDC17E0005AF4F8 /* CBTableViewCell.swift in Sources */,
				897A3DB41C1375CB008E8A29 /* NewRestaurantTableViewController.swift in Sources */,
				89657C8A1BE68C36006EA613 /* OAuth2TestViewController.swift in Sources */,
				896308841BE2D368005AF4F8 /* SSSViewController.swift in Sources */,
				896308771BDC1FB8005AF4F8 /* TableCheckDetailViewController.swift in Sources */,
				892A0F131BEBE7B6004B094C /* URLSessionDelTestViewController.swift in Sources */,
				897A3DA41C0CFB93008E8A29 /* TVCCViewController.swift in Sources */,
				892A0F111BE9D959004B094C /* URLSessionTestViewController.swift in Sources */,
			);
			runOnlyForDeploymentPostprocessing = 0;
		};
/* End PBXSourcesBuildPhase section */

/* Begin PBXVariantGroup section */
		896308571BDAFDE1005AF4F8 /* Main.storyboard */ = {
			isa = PBXVariantGroup;
			children = (
				896308581BDAFDE1005AF4F8 /* Base */,
			);
			name = Main.storyboard;
			sourceTree = "<group>";
		};
		8963085C1BDAFDE1005AF4F8 /* LaunchScreen.storyboard */ = {
			isa = PBXVariantGroup;
			children = (
				8963085D1BDAFDE1005AF4F8 /* Base */,
			);
			name = LaunchScreen.storyboard;
			sourceTree = "<group>";
		};
/* End PBXVariantGroup section */

/* Begin XCBuildConfiguration section */
		896308601BDAFDE1005AF4F8 /* Debug */ = {
			isa = XCBuildConfiguration;
			buildSettings = {
				ALWAYS_SEARCH_USER_PATHS = NO;
				CLANG_CXX_LANGUAGE_STANDARD = "gnu++0x";
				CLANG_CXX_LIBRARY = "libc++";
				CLANG_ENABLE_MODULES = YES;
				CLANG_ENABLE_OBJC_ARC = YES;
				CLANG_WARN_BOOL_CONVERSION = YES;
				CLANG_WARN_CONSTANT_CONVERSION = YES;
				CLANG_WARN_DIRECT_OBJC_ISA_USAGE = YES_ERROR;
				CLANG_WARN_EMPTY_BODY = YES;
				CLANG_WARN_ENUM_CONVERSION = YES;
				CLANG_WARN_INT_CONVERSION = YES;
				CLANG_WARN_OBJC_ROOT_CLASS = YES_ERROR;
				CLANG_WARN_UNREACHABLE_CODE = YES;
				CLANG_WARN__DUPLICATE_METHOD_MATCH = YES;
				"CODE_SIGN_IDENTITY[sdk=iphoneos*]" = "iPhone Developer";
				COPY_PHASE_STRIP = NO;
				DEBUG_INFORMATION_FORMAT = dwarf;
				ENABLE_STRICT_OBJC_MSGSEND = YES;
				ENABLE_TESTABILITY = YES;
				GCC_C_LANGUAGE_STANDARD = gnu99;
				GCC_DYNAMIC_NO_PIC = NO;
				GCC_NO_COMMON_BLOCKS = YES;
				GCC_OPTIMIZATION_LEVEL = 0;
				GCC_PREPROCESSOR_DEFINITIONS = (
					"DEBUG=1",
					"$(inherited)",
				);
				GCC_WARN_64_TO_32_BIT_CONVERSION = YES;
				GCC_WARN_ABOUT_RETURN_TYPE = YES_ERROR;
				GCC_WARN_UNDECLARED_SELECTOR = YES;
				GCC_WARN_UNINITIALIZED_AUTOS = YES_AGGRESSIVE;
				GCC_WARN_UNUSED_FUNCTION = YES;
				GCC_WARN_UNUSED_VARIABLE = YES;
				IPHONEOS_DEPLOYMENT_TARGET = 9.1;
				MTL_ENABLE_DEBUG_INFO = YES;
				ONLY_ACTIVE_ARCH = YES;
				SDKROOT = iphoneos;
				SWIFT_OPTIMIZATION_LEVEL = "-Onone";
			};
			name = Debug;
		};
		896308611BDAFDE1005AF4F8 /* Release */ = {
			isa = XCBuildConfiguration;
			buildSettings = {
				ALWAYS_SEARCH_USER_PATHS = NO;
				CLANG_CXX_LANGUAGE_STANDARD = "gnu++0x";
				CLANG_CXX_LIBRARY = "libc++";
				CLANG_ENABLE_MODULES = YES;
				CLANG_ENABLE_OBJC_ARC = YES;
				CLANG_WARN_BOOL_CONVERSION = YES;
				CLANG_WARN_CONSTANT_CONVERSION = YES;
				CLANG_WARN_DIRECT_OBJC_ISA_USAGE = YES_ERROR;
				CLANG_WARN_EMPTY_BODY = YES;
				CLANG_WARN_ENUM_CONVERSION = YES;
				CLANG_WARN_INT_CONVERSION = YES;
				CLANG_WARN_OBJC_ROOT_CLASS = YES_ERROR;
				CLANG_WARN_UNREACHABLE_CODE = YES;
				CLANG_WARN__DUPLICATE_METHOD_MATCH = YES;
				"CODE_SIGN_IDENTITY[sdk=iphoneos*]" = "iPhone Developer";
				COPY_PHASE_STRIP = NO;
				DEBUG_INFORMATION_FORMAT = "dwarf-with-dsym";
				ENABLE_NS_ASSERTIONS = NO;
				ENABLE_STRICT_OBJC_MSGSEND = YES;
				GCC_C_LANGUAGE_STANDARD = gnu99;
				GCC_NO_COMMON_BLOCKS = YES;
				GCC_WARN_64_TO_32_BIT_CONVERSION = YES;
				GCC_WARN_ABOUT_RETURN_TYPE = YES_ERROR;
				GCC_WARN_UNDECLARED_SELECTOR = YES;
				GCC_WARN_UNINITIALIZED_AUTOS = YES_AGGRESSIVE;
				GCC_WARN_UNUSED_FUNCTION = YES;
				GCC_WARN_UNUSED_VARIABLE = YES;
				IPHONEOS_DEPLOYMENT_TARGET = 9.1;
				MTL_ENABLE_DEBUG_INFO = NO;
				SDKROOT = iphoneos;
				VALIDATE_PRODUCT = YES;
			};
			name = Release;
		};
		896308631BDAFDE1005AF4F8 /* Debug */ = {
			isa = XCBuildConfiguration;
			baseConfigurationReference = 1F324DE8C8841B0AE593A5FC /* Pods.debug.xcconfig */;
			buildSettings = {
				ASSETCATALOG_COMPILER_APPICON_NAME = AppIcon;
				CLANG_ENABLE_MODULES = YES;
				INFOPLIST_FILE = StackOverFlowAnswers/Info.plist;
				LD_RUNPATH_SEARCH_PATHS = "$(inherited) @executable_path/Frameworks";
				PRODUCT_BUNDLE_IDENTIFIER = com.devtechie.StackOverFlowAnswers;
				PRODUCT_NAME = "$(TARGET_NAME)";
				SWIFT_OBJC_BRIDGING_HEADER = "StackOverFlowAnswers/StackOverFlowAnswers-Bridging-Header.h";
				SWIFT_OPTIMIZATION_LEVEL = "-Onone";
			};
			name = Debug;
		};
		896308641BDAFDE1005AF4F8 /* Release */ = {
			isa = XCBuildConfiguration;
			baseConfigurationReference = 906811551A51F727E36C931E /* Pods.release.xcconfig */;
			buildSettings = {
				ASSETCATALOG_COMPILER_APPICON_NAME = AppIcon;
				CLANG_ENABLE_MODULES = YES;
				INFOPLIST_FILE = StackOverFlowAnswers/Info.plist;
				LD_RUNPATH_SEARCH_PATHS = "$(inherited) @executable_path/Frameworks";
				PRODUCT_BUNDLE_IDENTIFIER = com.devtechie.StackOverFlowAnswers;
				PRODUCT_NAME = "$(TARGET_NAME)";
				SWIFT_OBJC_BRIDGING_HEADER = "StackOverFlowAnswers/StackOverFlowAnswers-Bridging-Header.h";
			};
			name = Release;
		};
/* End XCBuildConfiguration section */

/* Begin XCConfigurationList section */
		8963084B1BDAFDE1005AF4F8 /* Build configuration list for PBXProject "StackOverFlowAnswers" */ = {
			isa = XCConfigurationList;
			buildConfigurations = (
				896308601BDAFDE1005AF4F8 /* Debug */,
				896308611BDAFDE1005AF4F8 /* Release */,
			);
			defaultConfigurationIsVisible = 0;
			defaultConfigurationName = Release;
		};
		896308621BDAFDE1005AF4F8 /* Build configuration list for PBXNativeTarget "StackOverFlowAnswers" */ = {
			isa = XCConfigurationList;
			buildConfigurations = (
				896308631BDAFDE1005AF4F8 /* Debug */,
				896308641BDAFDE1005AF4F8 /* Release */,
			);
			defaultConfigurationIsVisible = 0;
			defaultConfigurationName = Release;
		};
/* End XCConfigurationList section */

/* Begin XCVersionGroup section */
		897A3DB51C141D8C008E8A29 /* FoodPin.xcdatamodeld */ = {
			isa = XCVersionGroup;
			children = (
				897A3DB61C141D8C008E8A29 /* FoodPin.xcdatamodel */,
			);
			currentVersion = 897A3DB61C141D8C008E8A29 /* FoodPin.xcdatamodel */;
			path = FoodPin.xcdatamodeld;
			sourceTree = "<group>";
			versionGroupType = wrapper.xcdatamodel;
		};
/* End XCVersionGroup section */
	};
	rootObject = 896308481BDAFDE1005AF4F8 /* Project object */;
}
