// !$*UTF8*$!
{
	archiveVersion = 1;
	classes = {
	};
	objectVersion = 46;
	objects = {

/* Begin PBXBuildFile section */
		899E25651AF330DF0085EF03 /* AppDelegate.swift in Sources */ = {isa = PBXBuildFile; fileRef = 899E25641AF330DF0085EF03 /* AppDelegate.swift */; };
		899E25671AF330DF0085EF03 /* ViewController.swift in Sources */ = {isa = PBXBuildFile; fileRef = 899E25661AF330DF0085EF03 /* ViewController.swift */; };
		899E256A1AF330DF0085EF03 /* Main.storyboard in Resources */ = {isa = PBXBuildFile; fileRef = 899E25681AF330DF0085EF03 /* Main.storyboard */; };
		899E256C1AF330DF0085EF03 /* Images.xcassets in Resources */ = {isa = PBXBuildFile; fileRef = 899E256B1AF330DF0085EF03 /* Images.xcassets */; };
		899E256F1AF330DF0085EF03 /* LaunchScreen.xib in Resources */ = {isa = PBXBuildFile; fileRef = 899E256D1AF330DF0085EF03 /* LaunchScreen.xib */; };
		899E257B1AF330DF0085EF03 /* CollectionViewDemoTests.swift in Sources */ = {isa = PBXBuildFile; fileRef = 899E257A1AF330DF0085EF03 /* CollectionViewDemoTests.swift */; };
/* End PBXBuildFile section */

/* Begin PBXContainerItemProxy section */
		899E25751AF330DF0085EF03 /* PBXContainerItemProxy */ = {
			isa = PBXContainerItemProxy;
			containerPortal = 899E25571AF330DF0085EF03 /* Project object */;
			proxyType = 1;
			remoteGlobalIDString = 899E255E1AF330DF0085EF03;
			remoteInfo = CollectionViewDemo;
		};
/* End PBXContainerItemProxy section */

/* Begin PBXFileReference section */
		899E255F1AF330DF0085EF03 /* CollectionViewDemo.app */ = {isa = PBXFileReference; explicitFileType = wrapper.application; includeInIndex = 0; path = CollectionViewDemo.app; sourceTree = BUILT_PRODUCTS_DIR; };
		899E25631AF330DF0085EF03 /* Info.plist */ = {isa = PBXFileReference; lastKnownFileType = text.plist.xml; path = Info.plist; sourceTree = "<group>"; };
		899E25641AF330DF0085EF03 /* AppDelegate.swift */ = {isa = PBXFileReference; lastKnownFileType = sourcecode.swift; path = AppDelegate.swift; sourceTree = "<group>"; };
		899E25661AF330DF0085EF03 /* ViewController.swift */ = {isa = PBXFileReference; lastKnownFileType = sourcecode.swift; path = ViewController.swift; sourceTree = "<group>"; };
		899E25691AF330DF0085EF03 /* Base */ = {isa = PBXFileReference; lastKnownFileType = file.storyboard; name = Base; path = Base.lproj/Main.storyboard; sourceTree = "<group>"; };
		899E256B1AF330DF0085EF03 /* Images.xcassets */ = {isa = PBXFileReference; lastKnownFileType = folder.assetcatalog; path = Images.xcassets; sourceTree = "<group>"; };
		899E256E1AF330DF0085EF03 /* Base */ = {isa = PBXFileReference; lastKnownFileType = file.xib; name = Base; path = Base.lproj/LaunchScreen.xib; sourceTree = "<group>"; };
		899E25741AF330DF0085EF03 /* CollectionViewDemoTests.xctest */ = {isa = PBXFileReference; explicitFileType = wrapper.cfbundle; includeInIndex = 0; path = CollectionViewDemoTests.xctest; sourceTree = BUILT_PRODUCTS_DIR; };
		899E25791AF330DF0085EF03 /* Info.plist */ = {isa = PBXFileReference; lastKnownFileType = text.plist.xml; path = Info.plist; sourceTree = "<group>"; };
		899E257A1AF330DF0085EF03 /* CollectionViewDemoTests.swift */ = {isa = PBXFileReference; lastKnownFileType = sourcecode.swift; path = CollectionViewDemoTests.swift; sourceTree = "<group>"; };
/* End PBXFileReference section */

/* Begin PBXFrameworksBuildPhase section */
		899E255C1AF330DF0085EF03 /* Frameworks */ = {
			isa = PBXFrameworksBuildPhase;
			buildActionMask = 2147483647;
			files = (
			);
			runOnlyForDeploymentPostprocessing = 0;
		};
		899E25711AF330DF0085EF03 /* Frameworks */ = {
			isa = PBXFrameworksBuildPhase;
			buildActionMask = 2147483647;
			files = (
			);
			runOnlyForDeploymentPostprocessing = 0;
		};
/* End PBXFrameworksBuildPhase section */

/* Begin PBXGroup section */
		899E25561AF330DF0085EF03 = {
			isa = PBXGroup;
			children = (
				899E25611AF330DF0085EF03 /* CollectionViewDemo */,
				899E25771AF330DF0085EF03 /* CollectionViewDemoTests */,
				899E25601AF330DF0085EF03 /* Products */,
			);
			sourceTree = "<group>";
		};
		899E25601AF330DF0085EF03 /* Products */ = {
			isa = PBXGroup;
			children = (
				899E255F1AF330DF0085EF03 /* CollectionViewDemo.app */,
				899E25741AF330DF0085EF03 /* CollectionViewDemoTests.xctest */,
			);
			name = Products;
			sourceTree = "<group>";
		};
		899E25611AF330DF0085EF03 /* CollectionViewDemo */ = {
			isa = PBXGroup;
			children = (
				899E25641AF330DF0085EF03 /* AppDelegate.swift */,
				899E25661AF330DF0085EF03 /* ViewController.swift */,
				899E25681AF330DF0085EF03 /* Main.storyboard */,
				899E256B1AF330DF0085EF03 /* Images.xcassets */,
				899E256D1AF330DF0085EF03 /* LaunchScreen.xib */,
				899E25621AF330DF0085EF03 /* Supporting Files */,
			);
			path = CollectionViewDemo;
			sourceTree = "<group>";
		};
		899E25621AF330DF0085EF03 /* Supporting Files */ = {
			isa = PBXGroup;
			children = (
				899E25631AF330DF0085EF03 /* Info.plist */,
			);
			name = "Supporting Files";
			sourceTree = "<group>";
		};
		899E25771AF330DF0085EF03 /* CollectionViewDemoTests */ = {
			isa = PBXGroup;
			children = (
				899E257A1AF330DF0085EF03 /* CollectionViewDemoTests.swift */,
				899E25781AF330DF0085EF03 /* Supporting Files */,
			);
			path = CollectionViewDemoTests;
			sourceTree = "<group>";
		};
		899E25781AF330DF0085EF03 /* Supporting Files */ = {
			isa = PBXGroup;
			children = (
				899E25791AF330DF0085EF03 /* Info.plist */,
			);
			name = "Supporting Files";
			sourceTree = "<group>";
		};
/* End PBXGroup section */

/* Begin PBXNativeTarget section */
		899E255E1AF330DF0085EF03 /* CollectionViewDemo */ = {
			isa = PBXNativeTarget;
			buildConfigurationList = 899E257E1AF330DF0085EF03 /* Build configuration list for PBXNativeTarget "CollectionViewDemo" */;
			buildPhases = (
				899E255B1AF330DF0085EF03 /* Sources */,
				899E255C1AF330DF0085EF03 /* Frameworks */,
				899E255D1AF330DF0085EF03 /* Resources */,
			);
			buildRules = (
			);
			dependencies = (
			);
			name = CollectionViewDemo;
			productName = CollectionViewDemo;
			productReference = 899E255F1AF330DF0085EF03 /* CollectionViewDemo.app */;
			productType = "com.apple.product-type.application";
		};
		899E25731AF330DF0085EF03 /* CollectionViewDemoTests */ = {
			isa = PBXNativeTarget;
			buildConfigurationList = 899E25811AF330DF0085EF03 /* Build configuration list for PBXNativeTarget "CollectionViewDemoTests" */;
			buildPhases = (
				899E25701AF330DF0085EF03 /* Sources */,
				899E25711AF330DF0085EF03 /* Frameworks */,
				899E25721AF330DF0085EF03 /* Resources */,
			);
			buildRules = (
			);
			dependencies = (
				899E25761AF330DF0085EF03 /* PBXTargetDependency */,
			);
			name = CollectionViewDemoTests;
			productName = CollectionViewDemoTests;
			productReference = 899E25741AF330DF0085EF03 /* CollectionViewDemoTests.xctest */;
			productType = "com.apple.product-type.bundle.unit-test";
		};
/* End PBXNativeTarget section */

/* Begin PBXProject section */
		899E25571AF330DF0085EF03 /* Project object */ = {
			isa = PBXProject;
			attributes = {
				LastUpgradeCheck = 0630;
				ORGANIZATIONNAME = "Anoop tomar";
				TargetAttributes = {
					899E255E1AF330DF0085EF03 = {
						CreatedOnToolsVersion = 6.3;
					};
					899E25731AF330DF0085EF03 = {
						CreatedOnToolsVersion = 6.3;
						TestTargetID = 899E255E1AF330DF0085EF03;
					};
				};
			};
			buildConfigurationList = 899E255A1AF330DF0085EF03 /* Build configuration list for PBXProject "CollectionViewDemo" */;
			compatibilityVersion = "Xcode 3.2";
			developmentRegion = English;
			hasScannedForEncodings = 0;
			knownRegions = (
				en,
				Base,
			);
			mainGroup = 899E25561AF330DF0085EF03;
			productRefGroup = 899E25601AF330DF0085EF03 /* Products */;
			projectDirPath = "";
			projectRoot = "";
			targets = (
				899E255E1AF330DF0085EF03 /* CollectionViewDemo */,
				899E25731AF330DF0085EF03 /* CollectionViewDemoTests */,
			);
		};
/* End PBXProject section */

/* Begin PBXResourcesBuildPhase section */
		899E255D1AF330DF0085EF03 /* Resources */ = {
			isa = PBXResourcesBuildPhase;
			buildActionMask = 2147483647;
			files = (
				899E256A1AF330DF0085EF03 /* Main.storyboard in Resources */,
				899E256F1AF330DF0085EF03 /* LaunchScreen.xib in Resources */,
				899E256C1AF330DF0085EF03 /* Images.xcassets in Resources */,
			);
			runOnlyForDeploymentPostprocessing = 0;
		};
		899E25721AF330DF0085EF03 /* Resources */ = {
			isa = PBXResourcesBuildPhase;
			buildActionMask = 2147483647;
			files = (
			);
			runOnlyForDeploymentPostprocessing = 0;
		};
/* End PBXResourcesBuildPhase section */

/* Begin PBXSourcesBuildPhase section */
		899E255B1AF330DF0085EF03 /* Sources */ = {
			isa = PBXSourcesBuildPhase;
			buildActionMask = 2147483647;
			files = (
				899E25671AF330DF0085EF03 /* ViewController.swift in Sources */,
				899E25651AF330DF0085EF03 /* AppDelegate.swift in Sources */,
			);
			runOnlyForDeploymentPostprocessing = 0;
		};
		899E25701AF330DF0085EF03 /* Sources */ = {
			isa = PBXSourcesBuildPhase;
			buildActionMask = 2147483647;
			files = (
				899E257B1AF330DF0085EF03 /* CollectionViewDemoTests.swift in Sources */,
			);
			runOnlyForDeploymentPostprocessing = 0;
		};
/* End PBXSourcesBuildPhase section */

/* Begin PBXTargetDependency section */
		899E25761AF330DF0085EF03 /* PBXTargetDependency */ = {
			isa = PBXTargetDependency;
			target = 899E255E1AF330DF0085EF03 /* CollectionViewDemo */;
			targetProxy = 899E25751AF330DF0085EF03 /* PBXContainerItemProxy */;
		};
/* End PBXTargetDependency section */

/* Begin PBXVariantGroup section */
		899E25681AF330DF0085EF03 /* Main.storyboard */ = {
			isa = PBXVariantGroup;
			children = (
				899E25691AF330DF0085EF03 /* Base */,
			);
			name = Main.storyboard;
			sourceTree = "<group>";
		};
		899E256D1AF330DF0085EF03 /* LaunchScreen.xib */ = {
			isa = PBXVariantGroup;
			children = (
				899E256E1AF330DF0085EF03 /* Base */,
			);
			name = LaunchScreen.xib;
			sourceTree = "<group>";
		};
/* End PBXVariantGroup section */

/* Begin XCBuildConfiguration section */
		899E257C1AF330DF0085EF03 /* Debug */ = {
			isa = XCBuildConfiguration;
			buildSettings = {
				ALWAYS_SEARCH_USER_PATHS = NO;
				CLANG_CXX_LANGUAGE_STANDARD = "gnu++0x";
				CLANG_CXX_LIBRARY = "libc++";
				CLANG_ENABLE_MODULES = YES;
				CLANG_ENABLE_OBJC_ARC = YES;
				CLANG_WARN_BOOL_CONVERSION = YES;
				CLANG_WARN_CONSTANT_CONVERSION = YES;
				CLANG_WARN_DIRECT_OBJC_ISA_USAGE = YES_ERROR;
				CLANG_WARN_EMPTY_BODY = YES;
				CLANG_WARN_ENUM_CONVERSION = YES;
				CLANG_WARN_INT_CONVERSION = YES;
				CLANG_WARN_OBJC_ROOT_CLASS = YES_ERROR;
				CLANG_WARN_UNREACHABLE_CODE = YES;
				CLANG_WARN__DUPLICATE_METHOD_MATCH = YES;
				"CODE_SIGN_IDENTITY[sdk=iphoneos*]" = "iPhone Developer";
				COPY_PHASE_STRIP = NO;
				DEBUG_INFORMATION_FORMAT = "dwarf-with-dsym";
				ENABLE_STRICT_OBJC_MSGSEND = YES;
				GCC_C_LANGUAGE_STANDARD = gnu99;
				GCC_DYNAMIC_NO_PIC = NO;
				GCC_NO_COMMON_BLOCKS = YES;
				GCC_OPTIMIZATION_LEVEL = 0;
				GCC_PREPROCESSOR_DEFINITIONS = (
					"DEBUG=1",
					"$(inherited)",
				);
				GCC_SYMBOLS_PRIVATE_EXTERN = NO;
				GCC_WARN_64_TO_32_BIT_CONVERSION = YES;
				GCC_WARN_ABOUT_RETURN_TYPE = YES_ERROR;
				GCC_WARN_UNDECLARED_SELECTOR = YES;
				GCC_WARN_UNINITIALIZED_AUTOS = YES_AGGRESSIVE;
				GCC_WARN_UNUSED_FUNCTION = YES;
				GCC_WARN_UNUSED_VARIABLE = YES;
				IPHONEOS_DEPLOYMENT_TARGET = 8.3;
				MTL_ENABLE_DEBUG_INFO = YES;
				ONLY_ACTIVE_ARCH = YES;
				SDKROOT = iphoneos;
				SWIFT_OPTIMIZATION_LEVEL = "-Onone";
			};
			name = Debug;
		};
		899E257D1AF330DF0085EF03 /* Release */ = {
			isa = XCBuildConfiguration;
			buildSettings = {
				ALWAYS_SEARCH_USER_PATHS = NO;
				CLANG_CXX_LANGUAGE_STANDARD = "gnu++0x";
				CLANG_CXX_LIBRARY = "libc++";
				CLANG_ENABLE_MODULES = YES;
				CLANG_ENABLE_OBJC_ARC = YES;
				CLANG_WARN_BOOL_CONVERSION = YES;
				CLANG_WARN_CONSTANT_CONVERSION = YES;
				CLANG_WARN_DIRECT_OBJC_ISA_USAGE = YES_ERROR;
				CLANG_WARN_EMPTY_BODY = YES;
				CLANG_WARN_ENUM_CONVERSION = YES;
				CLANG_WARN_INT_CONVERSION = YES;
				CLANG_WARN_OBJC_ROOT_CLASS = YES_ERROR;
				CLANG_WARN_UNREACHABLE_CODE = YES;
				CLANG_WARN__DUPLICATE_METHOD_MATCH = YES;
				"CODE_SIGN_IDENTITY[sdk=iphoneos*]" = "iPhone Developer";
				COPY_PHASE_STRIP = NO;
				DEBUG_INFORMATION_FORMAT = "dwarf-with-dsym";
				ENABLE_NS_ASSERTIONS = NO;
				ENABLE_STRICT_OBJC_MSGSEND = YES;
				GCC_C_LANGUAGE_STANDARD = gnu99;
				GCC_NO_COMMON_BLOCKS = YES;
				GCC_WARN_64_TO_32_BIT_CONVERSION = YES;
				GCC_WARN_ABOUT_RETURN_TYPE = YES_ERROR;
				GCC_WARN_UNDECLARED_SELECTOR = YES;
				GCC_WARN_UNINITIALIZED_AUTOS = YES_AGGRESSIVE;
				GCC_WARN_UNUSED_FUNCTION = YES;
				GCC_WARN_UNUSED_VARIABLE = YES;
				IPHONEOS_DEPLOYMENT_TARGET = 8.3;
				MTL_ENABLE_DEBUG_INFO = NO;
				SDKROOT = iphoneos;
				VALIDATE_PRODUCT = YES;
			};
			name = Release;
		};
		899E257F1AF330DF0085EF03 /* Debug */ = {
			isa = XCBuildConfiguration;
			buildSettings = {
				ASSETCATALOG_COMPILER_APPICON_NAME = AppIcon;
				INFOPLIST_FILE = CollectionViewDemo/Info.plist;
				LD_RUNPATH_SEARCH_PATHS = "$(inherited) @executable_path/Frameworks";
				PRODUCT_NAME = "$(TARGET_NAME)";
			};
			name = Debug;
		};
		899E25801AF330DF0085EF03 /* Release */ = {
			isa = XCBuildConfiguration;
			buildSettings = {
				ASSETCATALOG_COMPILER_APPICON_NAME = AppIcon;
				INFOPLIST_FILE = CollectionViewDemo/Info.plist;
				LD_RUNPATH_SEARCH_PATHS = "$(inherited) @executable_path/Frameworks";
				PRODUCT_NAME = "$(TARGET_NAME)";
			};
			name = Release;
		};
		899E25821AF330DF0085EF03 /* Debug */ = {
			isa = XCBuildConfiguration;
			buildSettings = {
				BUNDLE_LOADER = "$(TEST_HOST)";
				FRAMEWORK_SEARCH_PATHS = (
					"$(SDKROOT)/Developer/Library/Frameworks",
					"$(inherited)",
				);
				GCC_PREPROCESSOR_DEFINITIONS = (
					"DEBUG=1",
					"$(inherited)",
				);
				INFOPLIST_FILE = CollectionViewDemoTests/Info.plist;
				LD_RUNPATH_SEARCH_PATHS = "$(inherited) @executable_path/Frameworks @loader_path/Frameworks";
				PRODUCT_NAME = "$(TARGET_NAME)";
				TEST_HOST = "$(BUILT_PRODUCTS_DIR)/CollectionViewDemo.app/CollectionViewDemo";
			};
			name = Debug;
		};
		899E25831AF330DF0085EF03 /* Release */ = {
			isa = XCBuildConfiguration;
			buildSettings = {
				BUNDLE_LOADER = "$(TEST_HOST)";
				FRAMEWORK_SEARCH_PATHS = (
					"$(SDKROOT)/Developer/Library/Frameworks",
					"$(inherited)",
				);
				INFOPLIST_FILE = CollectionViewDemoTests/Info.plist;
				LD_RUNPATH_SEARCH_PATHS = "$(inherited) @executable_path/Frameworks @loader_path/Frameworks";
				PRODUCT_NAME = "$(TARGET_NAME)";
				TEST_HOST = "$(BUILT_PRODUCTS_DIR)/CollectionViewDemo.app/CollectionViewDemo";
			};
			name = Release;
		};
/* End XCBuildConfiguration section */

/* Begin XCConfigurationList section */
		899E255A1AF330DF0085EF03 /* Build configuration list for PBXProject "CollectionViewDemo" */ = {
			isa = XCConfigurationList;
			buildConfigurations = (
				899E257C1AF330DF0085EF03 /* Debug */,
				899E257D1AF330DF0085EF03 /* Release */,
			);
			defaultConfigurationIsVisible = 0;
			defaultConfigurationName = Release;
		};
		899E257E1AF330DF0085EF03 /* Build configuration list for PBXNativeTarget "CollectionViewDemo" */ = {
			isa = XCConfigurationList;
			buildConfigurations = (
				899E257F1AF330DF0085EF03 /* Debug */,
				899E25801AF330DF0085EF03 /* Release */,
			);
			defaultConfigurationIsVisible = 0;
		};
		899E25811AF330DF0085EF03 /* Build configuration list for PBXNativeTarget "CollectionViewDemoTests" */ = {
			isa = XCConfigurationList;
			buildConfigurations = (
				899E25821AF330DF0085EF03 /* Debug */,
				899E25831AF330DF0085EF03 /* Release */,
			);
			defaultConfigurationIsVisible = 0;
		};
/* End XCConfigurationList section */
	};
	rootObject = 899E25571AF330DF0085EF03 /* Project object */;
}
